<?xml version="1.0" encoding="UTF-8"?>
<!DOCTYPE plist PUBLIC "-//Apple//DTD PLIST 1.0//EN" "http://www.apple.com/DTDs/PropertyList-1.0.dtd">
<plist version="1.0">
<dict>
	<key>archiveVersion</key>
	<string>1</string>
	<key>classes</key>
	<dict/>
	<key>objectVersion</key>
	<string>46</string>
	<key>objects</key>
	<dict>
		<key>1AD49CA55DB74066B7D523C0</key>
		<dict>
			<key>buildActionMask</key>
			<string>2147483647</string>
			<key>files</key>
			<array/>
			<key>inputPaths</key>
			<array/>
			<key>isa</key>
			<string>PBXShellScriptBuildPhase</string>
			<key>name</key>
			<string>Copy Pods Resources</string>
			<key>outputPaths</key>
			<array/>
			<key>runOnlyForDeploymentPostprocessing</key>
			<string>0</string>
			<key>shellPath</key>
			<string>/bin/sh</string>
			<key>shellScript</key>
			<string>"${SRCROOT}/Pods/Pods-Coins-resources.sh"
</string>
			<key>showEnvVarsInLog</key>
			<string>0</string>
		</dict>
		<key>2130E15C1864AD57006D3470</key>
		<dict>
			<key>children</key>
			<array>
				<string>21C14CC719C910F80011C908</string>
				<string>21C14D0A19C91A370011C908</string>
				<string>21C14D2219C91BBB0011C908</string>
				<string>21F9D1971876952A00F36678</string>
				<string>2130E1671864AD58006D3470</string>
				<string>2130E1661864AD58006D3470</string>
				<string>B7B206D3CD97420994DFC1B1</string>
				<string>D26F87DC0D5E4E1B989B2740</string>
				<string>F84CB9346C5345429EB77252</string>
			</array>
			<key>isa</key>
			<string>PBXGroup</string>
			<key>sourceTree</key>
			<string>&lt;group&gt;</string>
		</dict>
		<key>2130E15D1864AD57006D3470</key>
		<dict>
			<key>attributes</key>
			<dict>
				<key>CLASSPREFIX</key>
				<string>BTC</string>
				<key>LastUpgradeCheck</key>
				<string>0510</string>
				<key>ORGANIZATIONNAME</key>
				<string>Nothing Magical, Inc.</string>
				<key>TargetAttributes</key>
				<dict>
					<key>2130E1641864AD58006D3470</key>
					<dict>
						<key>DevelopmentTeam</key>
						<string>UP9C8XM22A</string>
					</dict>
					<key>21C14D0619C91A370011C908</key>
					<dict>
						<key>CreatedOnToolsVersion</key>
						<string>6.0</string>
						<key>DevelopmentTeam</key>
						<string>UP9C8XM22A</string>
					</dict>
				</dict>
			</dict>
			<key>buildConfigurationList</key>
			<string>2130E1601864AD57006D3470</string>
			<key>compatibilityVersion</key>
			<string>Xcode 3.2</string>
			<key>developmentRegion</key>
			<string>English</string>
			<key>hasScannedForEncodings</key>
			<string>0</string>
			<key>isa</key>
			<string>PBXProject</string>
			<key>knownRegions</key>
			<array>
				<string>en</string>
			</array>
			<key>mainGroup</key>
			<string>2130E15C1864AD57006D3470</string>
			<key>productRefGroup</key>
			<string>2130E1661864AD58006D3470</string>
			<key>projectDirPath</key>
			<string></string>
			<key>projectReferences</key>
			<array/>
			<key>projectRoot</key>
			<string></string>
			<key>targets</key>
			<array>
				<string>2130E1641864AD58006D3470</string>
				<string>21C14D0619C91A370011C908</string>
			</array>
		</dict>
		<key>2130E1601864AD57006D3470</key>
		<dict>
			<key>buildConfigurations</key>
			<array>
				<string>2130E18F1864AD58006D3470</string>
				<string>2130E1901864AD58006D3470</string>
			</array>
			<key>defaultConfigurationIsVisible</key>
			<string>0</string>
			<key>defaultConfigurationName</key>
			<string>Release</string>
			<key>isa</key>
			<string>XCConfigurationList</string>
		</dict>
		<key>2130E1611864AD58006D3470</key>
		<dict>
			<key>buildActionMask</key>
			<string>2147483647</string>
			<key>files</key>
			<array>
				<string>21C14CF819C910F80011C908</string>
				<string>21C14CF219C910F80011C908</string>
				<string>21C14CED19C910F80011C908</string>
				<string>21C14CF119C910F80011C908</string>
				<string>21C103F219C921DD00CC5F36</string>
				<string>21C14D2819C91BBB0011C908</string>
				<string>21C14D2A19C91BBB0011C908</string>
				<string>21C103EA19C91E4000CC5F36</string>
				<string>21C14CF019C910F80011C908</string>
				<string>21C14CF419C910F80011C908</string>
				<string>21C103EE19C91EE700CC5F36</string>
				<string>21C14CEF19C910F80011C908</string>
				<string>21F9D19D1876952A00F36678</string>
				<string>21C14CF519C910F80011C908</string>
			</array>
			<key>isa</key>
			<string>PBXSourcesBuildPhase</string>
			<key>runOnlyForDeploymentPostprocessing</key>
			<string>0</string>
		</dict>
		<key>2130E1621864AD58006D3470</key>
		<dict>
			<key>buildActionMask</key>
			<string>2147483647</string>
			<key>files</key>
			<array>
				<string>2130E16B1864AD58006D3470</string>
				<string>2130E16D1864AD58006D3470</string>
				<string>2130E1691864AD58006D3470</string>
				<string>5A091C7B00FD4B889C81DEB8</string>
			</array>
			<key>isa</key>
			<string>PBXFrameworksBuildPhase</string>
			<key>runOnlyForDeploymentPostprocessing</key>
			<string>0</string>
		</dict>
		<key>2130E1631864AD58006D3470</key>
		<dict>
			<key>buildActionMask</key>
			<string>2147483647</string>
			<key>files</key>
			<array>
				<string>21C14CFD19C910F80011C908</string>
				<string>21C14CFC19C910F80011C908</string>
				<string>21C14CFE19C910F80011C908</string>
				<string>21C14CFB19C910F80011C908</string>
			</array>
			<key>isa</key>
			<string>PBXResourcesBuildPhase</string>
			<key>runOnlyForDeploymentPostprocessing</key>
			<string>0</string>
		</dict>
		<key>2130E1641864AD58006D3470</key>
		<dict>
			<key>buildConfigurationList</key>
			<string>2130E1911864AD58006D3470</string>
			<key>buildPhases</key>
			<array>
				<string>35E3728C36FE40B491367BE5</string>
				<string>2130E1611864AD58006D3470</string>
				<string>2130E1621864AD58006D3470</string>
				<string>2130E1631864AD58006D3470</string>
				<string>1AD49CA55DB74066B7D523C0</string>
				<string>21C14D0219C9196B0011C908</string>
				<string>21C14D1A19C91A370011C908</string>
			</array>
			<key>buildRules</key>
			<array/>
			<key>dependencies</key>
			<array>
				<string>21C14D1319C91A370011C908</string>
				<string>21C14D1619C91A370011C908</string>
			</array>
			<key>isa</key>
			<string>PBXNativeTarget</string>
			<key>name</key>
			<string>Coins</string>
			<key>productName</key>
			<string>Coins</string>
			<key>productReference</key>
			<string>2130E1651864AD58006D3470</string>
			<key>productType</key>
			<string>com.apple.product-type.application</string>
		</dict>
		<key>2130E1651864AD58006D3470</key>
		<dict>
			<key>explicitFileType</key>
			<string>wrapper.application</string>
			<key>includeInIndex</key>
			<string>0</string>
			<key>isa</key>
			<string>PBXFileReference</string>
			<key>path</key>
			<string>Coins.app</string>
			<key>sourceTree</key>
			<string>BUILT_PRODUCTS_DIR</string>
		</dict>
		<key>2130E1661864AD58006D3470</key>
		<dict>
			<key>children</key>
			<array>
				<string>2130E1651864AD58006D3470</string>
				<string>21C14D0719C91A370011C908</string>
			</array>
			<key>isa</key>
			<string>PBXGroup</string>
			<key>name</key>
			<string>Products</string>
			<key>sourceTree</key>
			<string>&lt;group&gt;</string>
		</dict>
		<key>2130E1671864AD58006D3470</key>
		<dict>
			<key>children</key>
			<array>
				<string>2130E1681864AD58006D3470</string>
				<string>2130E16A1864AD58006D3470</string>
				<string>2130E16C1864AD58006D3470</string>
				<string>2130E1811864AD58006D3470</string>
				<string>7C733206B69A4AA88CE1C3A3</string>
				<string>21C14D0819C91A370011C908</string>
				<string>421E383A04144C6A8624166B</string>
				<string>E7F6998536F74DFE984E7C8A</string>
			</array>
			<key>isa</key>
			<string>PBXGroup</string>
			<key>name</key>
			<string>Frameworks</string>
			<key>sourceTree</key>
			<string>&lt;group&gt;</string>
		</dict>
		<key>2130E1681864AD58006D3470</key>
		<dict>
			<key>isa</key>
			<string>PBXFileReference</string>
			<key>lastKnownFileType</key>
			<string>wrapper.framework</string>
			<key>name</key>
			<string>Foundation.framework</string>
			<key>path</key>
			<string>System/Library/Frameworks/Foundation.framework</string>
			<key>sourceTree</key>
			<string>SDKROOT</string>
		</dict>
		<key>2130E1691864AD58006D3470</key>
		<dict>
			<key>fileRef</key>
			<string>2130E1681864AD58006D3470</string>
			<key>isa</key>
			<string>PBXBuildFile</string>
		</dict>
		<key>2130E16A1864AD58006D3470</key>
		<dict>
			<key>isa</key>
			<string>PBXFileReference</string>
			<key>lastKnownFileType</key>
			<string>wrapper.framework</string>
			<key>name</key>
			<string>CoreGraphics.framework</string>
			<key>path</key>
			<string>System/Library/Frameworks/CoreGraphics.framework</string>
			<key>sourceTree</key>
			<string>SDKROOT</string>
		</dict>
		<key>2130E16B1864AD58006D3470</key>
		<dict>
			<key>fileRef</key>
			<string>2130E16A1864AD58006D3470</string>
			<key>isa</key>
			<string>PBXBuildFile</string>
		</dict>
		<key>2130E16C1864AD58006D3470</key>
		<dict>
			<key>isa</key>
			<string>PBXFileReference</string>
			<key>lastKnownFileType</key>
			<string>wrapper.framework</string>
			<key>name</key>
			<string>UIKit.framework</string>
			<key>path</key>
			<string>System/Library/Frameworks/UIKit.framework</string>
			<key>sourceTree</key>
			<string>SDKROOT</string>
		</dict>
		<key>2130E16D1864AD58006D3470</key>
		<dict>
			<key>fileRef</key>
			<string>2130E16C1864AD58006D3470</string>
			<key>isa</key>
			<string>PBXBuildFile</string>
		</dict>
		<key>2130E1811864AD58006D3470</key>
		<dict>
			<key>isa</key>
			<string>PBXFileReference</string>
			<key>lastKnownFileType</key>
			<string>wrapper.framework</string>
			<key>name</key>
			<string>XCTest.framework</string>
			<key>path</key>
			<string>Library/Frameworks/XCTest.framework</string>
			<key>sourceTree</key>
			<string>DEVELOPER_DIR</string>
		</dict>
		<key>2130E18F1864AD58006D3470</key>
		<dict>
			<key>buildSettings</key>
			<dict>
				<key>ALWAYS_SEARCH_USER_PATHS</key>
				<string>NO</string>
				<key>CLANG_CXX_LANGUAGE_STANDARD</key>
				<string>gnu++0x</string>
				<key>CLANG_CXX_LIBRARY</key>
				<string>libc++</string>
				<key>CLANG_ENABLE_MODULES</key>
				<string>YES</string>
				<key>CLANG_ENABLE_OBJC_ARC</key>
				<string>YES</string>
				<key>CLANG_WARN_BOOL_CONVERSION</key>
				<string>YES</string>
				<key>CLANG_WARN_CONSTANT_CONVERSION</key>
				<string>YES</string>
				<key>CLANG_WARN_DIRECT_OBJC_ISA_USAGE</key>
				<string>YES_ERROR</string>
				<key>CLANG_WARN_EMPTY_BODY</key>
				<string>YES</string>
				<key>CLANG_WARN_ENUM_CONVERSION</key>
				<string>YES</string>
				<key>CLANG_WARN_INT_CONVERSION</key>
				<string>YES</string>
				<key>CLANG_WARN_OBJC_ROOT_CLASS</key>
				<string>YES_ERROR</string>
				<key>CLANG_WARN__DUPLICATE_METHOD_MATCH</key>
				<string>YES</string>
				<key>COPY_PHASE_STRIP</key>
				<string>NO</string>
				<key>GCC_C_LANGUAGE_STANDARD</key>
				<string>gnu99</string>
				<key>GCC_DYNAMIC_NO_PIC</key>
				<string>NO</string>
				<key>GCC_OPTIMIZATION_LEVEL</key>
				<string>0</string>
				<key>GCC_PREPROCESSOR_DEFINITIONS</key>
				<array>
					<string>DEBUG=1</string>
					<string>$(inherited)</string>
				</array>
				<key>GCC_SYMBOLS_PRIVATE_EXTERN</key>
				<string>NO</string>
				<key>GCC_WARN_64_TO_32_BIT_CONVERSION</key>
				<string>YES</string>
				<key>GCC_WARN_ABOUT_RETURN_TYPE</key>
				<string>YES_ERROR</string>
				<key>GCC_WARN_UNDECLARED_SELECTOR</key>
				<string>YES</string>
				<key>GCC_WARN_UNINITIALIZED_AUTOS</key>
				<string>YES</string>
				<key>GCC_WARN_UNUSED_FUNCTION</key>
				<string>YES</string>
				<key>GCC_WARN_UNUSED_VARIABLE</key>
				<string>YES</string>
				<key>IPHONEOS_DEPLOYMENT_TARGET</key>
				<string>7.0</string>
				<key>ONLY_ACTIVE_ARCH</key>
				<string>YES</string>
				<key>SDKROOT</key>
				<string>iphoneos</string>
				<key>TARGETED_DEVICE_FAMILY</key>
				<string>1,2</string>
			</dict>
			<key>isa</key>
			<string>XCBuildConfiguration</string>
			<key>name</key>
			<string>Debug</string>
		</dict>
		<key>2130E1901864AD58006D3470</key>
		<dict>
			<key>buildSettings</key>
			<dict>
				<key>ALWAYS_SEARCH_USER_PATHS</key>
				<string>NO</string>
				<key>CLANG_CXX_LANGUAGE_STANDARD</key>
				<string>gnu++0x</string>
				<key>CLANG_CXX_LIBRARY</key>
				<string>libc++</string>
				<key>CLANG_ENABLE_MODULES</key>
				<string>YES</string>
				<key>CLANG_ENABLE_OBJC_ARC</key>
				<string>YES</string>
				<key>CLANG_WARN_BOOL_CONVERSION</key>
				<string>YES</string>
				<key>CLANG_WARN_CONSTANT_CONVERSION</key>
				<string>YES</string>
				<key>CLANG_WARN_DIRECT_OBJC_ISA_USAGE</key>
				<string>YES_ERROR</string>
				<key>CLANG_WARN_EMPTY_BODY</key>
				<string>YES</string>
				<key>CLANG_WARN_ENUM_CONVERSION</key>
				<string>YES</string>
				<key>CLANG_WARN_INT_CONVERSION</key>
				<string>YES</string>
				<key>CLANG_WARN_OBJC_ROOT_CLASS</key>
				<string>YES_ERROR</string>
				<key>CLANG_WARN__DUPLICATE_METHOD_MATCH</key>
				<string>YES</string>
				<key>COPY_PHASE_STRIP</key>
				<string>YES</string>
				<key>ENABLE_NS_ASSERTIONS</key>
				<string>NO</string>
				<key>GCC_C_LANGUAGE_STANDARD</key>
				<string>gnu99</string>
				<key>GCC_WARN_64_TO_32_BIT_CONVERSION</key>
				<string>YES</string>
				<key>GCC_WARN_ABOUT_RETURN_TYPE</key>
				<string>YES_ERROR</string>
				<key>GCC_WARN_UNDECLARED_SELECTOR</key>
				<string>YES</string>
				<key>GCC_WARN_UNINITIALIZED_AUTOS</key>
				<string>YES</string>
				<key>GCC_WARN_UNUSED_FUNCTION</key>
				<string>YES</string>
				<key>GCC_WARN_UNUSED_VARIABLE</key>
				<string>YES</string>
				<key>IPHONEOS_DEPLOYMENT_TARGET</key>
				<string>7.0</string>
				<key>SDKROOT</key>
				<string>iphoneos</string>
				<key>TARGETED_DEVICE_FAMILY</key>
				<string>1,2</string>
				<key>VALIDATE_PRODUCT</key>
				<string>YES</string>
			</dict>
			<key>isa</key>
			<string>XCBuildConfiguration</string>
			<key>name</key>
			<string>Release</string>
		</dict>
		<key>2130E1911864AD58006D3470</key>
		<dict>
			<key>buildConfigurations</key>
			<array>
				<string>2130E1921864AD58006D3470</string>
				<string>2130E1931864AD58006D3470</string>
			</array>
			<key>defaultConfigurationIsVisible</key>
			<string>0</string>
			<key>defaultConfigurationName</key>
			<string>Release</string>
			<key>isa</key>
			<string>XCConfigurationList</string>
		</dict>
		<key>2130E1921864AD58006D3470</key>
		<dict>
			<key>baseConfigurationReference</key>
			<string>D26F87DC0D5E4E1B989B2740</string>
			<key>buildSettings</key>
			<dict>
				<key>ASSETCATALOG_COMPILER_APPICON_NAME</key>
				<string>AppIcon</string>
				<key>ASSETCATALOG_COMPILER_LAUNCHIMAGE_NAME</key>
				<string>LaunchImage</string>
				<key>CODE_SIGN_IDENTITY</key>
				<string>iPhone Developer</string>
				<key>FRAMEWORK_SEARCH_PATHS</key>
				<array>
					<string>$(inherited)</string>
					<string>$(PROJECT_DIR)</string>
					<string>$(PROJECT_DIR)/Vendor</string>
				</array>
				<key>GCC_PRECOMPILE_PREFIX_HEADER</key>
				<string>YES</string>
				<key>GCC_PREFIX_HEADER</key>
				<string>Coins/Other Sources/Coins-Prefix.pch</string>
				<key>INFOPLIST_FILE</key>
				<string>$(SRCROOT)/Coins/Resources/Coins-Info.plist</string>
				<key>PRODUCT_NAME</key>
				<string>$(TARGET_NAME)</string>
				<key>WRAPPER_EXTENSION</key>
				<string>app</string>
			</dict>
			<key>isa</key>
			<string>XCBuildConfiguration</string>
			<key>name</key>
			<string>Debug</string>
		</dict>
		<key>2130E1931864AD58006D3470</key>
		<dict>
			<key>baseConfigurationReference</key>
			<string>D26F87DC0D5E4E1B989B2740</string>
			<key>buildSettings</key>
			<dict>
				<key>ASSETCATALOG_COMPILER_APPICON_NAME</key>
				<string>AppIcon</string>
				<key>ASSETCATALOG_COMPILER_LAUNCHIMAGE_NAME</key>
				<string>LaunchImage</string>
				<key>CODE_SIGN_IDENTITY</key>
				<string>iPhone Distribution: Nothing Magical Inc. (UP9C8XM22A)</string>
				<key>FRAMEWORK_SEARCH_PATHS</key>
				<array>
					<string>$(inherited)</string>
					<string>$(PROJECT_DIR)</string>
					<string>$(PROJECT_DIR)/Vendor</string>
				</array>
				<key>GCC_PRECOMPILE_PREFIX_HEADER</key>
				<string>YES</string>
				<key>GCC_PREFIX_HEADER</key>
				<string>Coins/Other Sources/Coins-Prefix.pch</string>
				<key>INFOPLIST_FILE</key>
				<string>$(SRCROOT)/Coins/Resources/Coins-Info.plist</string>
				<key>PRODUCT_NAME</key>
				<string>$(TARGET_NAME)</string>
				<key>PROVISIONING_PROFILE</key>
				<string>6ED8F51F-254B-4DC8-92C1-055FC7B1E6E8</string>
				<key>WRAPPER_EXTENSION</key>
				<string>app</string>
			</dict>
			<key>isa</key>
			<string>XCBuildConfiguration</string>
			<key>name</key>
			<string>Release</string>
		</dict>
		<key>21C103E819C91E4000CC5F36</key>
		<dict>
			<key>fileEncoding</key>
			<string>4</string>
			<key>isa</key>
			<string>PBXFileReference</string>
			<key>lastKnownFileType</key>
			<string>sourcecode.c.h</string>
			<key>path</key>
			<string>NSUserDefaults+Coins.h</string>
			<key>sourceTree</key>
			<string>&lt;group&gt;</string>
		</dict>
		<key>21C103E919C91E4000CC5F36</key>
		<dict>
			<key>fileEncoding</key>
			<string>4</string>
			<key>isa</key>
			<string>PBXFileReference</string>
			<key>lastKnownFileType</key>
			<string>sourcecode.c.objc</string>
			<key>path</key>
			<string>NSUserDefaults+Coins.m</string>
			<key>sourceTree</key>
			<string>&lt;group&gt;</string>
		</dict>
		<key>21C103EA19C91E4000CC5F36</key>
		<dict>
			<key>fileRef</key>
			<string>21C103E919C91E4000CC5F36</string>
			<key>isa</key>
			<string>PBXBuildFile</string>
		</dict>
		<key>21C103EB19C91E4000CC5F36</key>
		<dict>
			<key>fileRef</key>
			<string>21C103E919C91E4000CC5F36</string>
			<key>isa</key>
			<string>PBXBuildFile</string>
		</dict>
		<key>21C103EC19C91EE700CC5F36</key>
		<dict>
			<key>fileEncoding</key>
			<string>4</string>
			<key>isa</key>
			<string>PBXFileReference</string>
			<key>lastKnownFileType</key>
			<string>sourcecode.c.h</string>
			<key>path</key>
			<string>BTCDefines.h</string>
			<key>sourceTree</key>
			<string>&lt;group&gt;</string>
		</dict>
		<key>21C103ED19C91EE700CC5F36</key>
		<dict>
			<key>fileEncoding</key>
			<string>4</string>
			<key>isa</key>
			<string>PBXFileReference</string>
			<key>lastKnownFileType</key>
			<string>sourcecode.c.objc</string>
			<key>path</key>
			<string>BTCDefines.m</string>
			<key>sourceTree</key>
			<string>&lt;group&gt;</string>
		</dict>
		<key>21C103EE19C91EE700CC5F36</key>
		<dict>
			<key>fileRef</key>
			<string>21C103ED19C91EE700CC5F36</string>
			<key>isa</key>
			<string>PBXBuildFile</string>
		</dict>
		<key>21C103EF19C91EE700CC5F36</key>
		<dict>
			<key>fileRef</key>
			<string>21C103ED19C91EE700CC5F36</string>
			<key>isa</key>
			<string>PBXBuildFile</string>
		</dict>
		<key>21C103F019C921DD00CC5F36</key>
		<dict>
			<key>fileEncoding</key>
			<string>4</string>
			<key>isa</key>
			<string>PBXFileReference</string>
			<key>lastKnownFileType</key>
			<string>sourcecode.c.h</string>
			<key>path</key>
			<string>BTCConversionProvider.h</string>
			<key>sourceTree</key>
			<string>&lt;group&gt;</string>
		</dict>
		<key>21C103F119C921DD00CC5F36</key>
		<dict>
			<key>fileEncoding</key>
			<string>4</string>
			<key>isa</key>
			<string>PBXFileReference</string>
			<key>lastKnownFileType</key>
			<string>sourcecode.c.objc</string>
			<key>path</key>
			<string>BTCConversionProvider.m</string>
			<key>sourceTree</key>
			<string>&lt;group&gt;</string>
		</dict>
		<key>21C103F219C921DD00CC5F36</key>
		<dict>
			<key>fileRef</key>
			<string>21C103F119C921DD00CC5F36</string>
			<key>isa</key>
			<string>PBXBuildFile</string>
		</dict>
		<key>21C103F319C921DD00CC5F36</key>
		<dict>
			<key>fileRef</key>
			<string>21C103F119C921DD00CC5F36</string>
			<key>isa</key>
			<string>PBXBuildFile</string>
		</dict>
		<key>21C14CC719C910F80011C908</key>
		<dict>
			<key>children</key>
			<array>
				<string>21C14CC819C910F80011C908</string>
				<string>21C14CDD19C910F80011C908</string>
				<string>21C14CE219C910F80011C908</string>
			</array>
			<key>isa</key>
			<string>PBXGroup</string>
			<key>path</key>
			<string>Coins</string>
			<key>sourceTree</key>
			<string>&lt;group&gt;</string>
		</dict>
		<key>21C14CC819C910F80011C908</key>
		<dict>
			<key>children</key>
			<array>
				<string>21C14CC919C910F80011C908</string>
				<string>21C14CCA19C910F80011C908</string>
				<string>21C14CCD19C910F80011C908</string>
				<string>21C14CCE19C910F80011C908</string>
				<string>21C14CCF19C910F80011C908</string>
				<string>21C14CD019C910F80011C908</string>
				<string>21C14CD119C910F80011C908</string>
				<string>21C14CD219C910F80011C908</string>
				<string>21C14CD319C910F80011C908</string>
				<string>21C14CD419C910F80011C908</string>
				<string>21C14CD719C910F80011C908</string>
				<string>21C14CD819C910F80011C908</string>
				<string>21C14CD919C910F80011C908</string>
				<string>21C14CDA19C910F80011C908</string>
			</array>
			<key>isa</key>
			<string>PBXGroup</string>
			<key>path</key>
			<string>Classes</string>
			<key>sourceTree</key>
			<string>&lt;group&gt;</string>
		</dict>
		<key>21C14CC919C910F80011C908</key>
		<dict>
			<key>fileEncoding</key>
			<string>4</string>
			<key>isa</key>
			<string>PBXFileReference</string>
			<key>lastKnownFileType</key>
			<string>sourcecode.c.h</string>
			<key>path</key>
			<string>BTCAppDelegate.h</string>
			<key>sourceTree</key>
			<string>&lt;group&gt;</string>
		</dict>
		<key>21C14CCA19C910F80011C908</key>
		<dict>
			<key>fileEncoding</key>
			<string>4</string>
			<key>isa</key>
			<string>PBXFileReference</string>
			<key>lastKnownFileType</key>
			<string>sourcecode.c.objc</string>
			<key>path</key>
			<string>BTCAppDelegate.m</string>
			<key>sourceTree</key>
			<string>&lt;group&gt;</string>
		</dict>
		<key>21C14CCD19C910F80011C908</key>
		<dict>
			<key>fileEncoding</key>
			<string>4</string>
			<key>isa</key>
			<string>PBXFileReference</string>
			<key>lastKnownFileType</key>
			<string>sourcecode.c.h</string>
			<key>path</key>
			<string>BTCCurrencyPickerTableViewController.h</string>
			<key>sourceTree</key>
			<string>&lt;group&gt;</string>
		</dict>
		<key>21C14CCE19C910F80011C908</key>
		<dict>
			<key>fileEncoding</key>
			<string>4</string>
			<key>isa</key>
			<string>PBXFileReference</string>
			<key>lastKnownFileType</key>
			<string>sourcecode.c.objc</string>
			<key>path</key>
			<string>BTCCurrencyPickerTableViewController.m</string>
			<key>sourceTree</key>
			<string>&lt;group&gt;</string>
		</dict>
		<key>21C14CCF19C910F80011C908</key>
		<dict>
			<key>fileEncoding</key>
			<string>4</string>
			<key>isa</key>
			<string>PBXFileReference</string>
			<key>lastKnownFileType</key>
			<string>sourcecode.c.h</string>
			<key>path</key>
			<string>BTCTableViewCell.h</string>
			<key>sourceTree</key>
			<string>&lt;group&gt;</string>
		</dict>
		<key>21C14CD019C910F80011C908</key>
		<dict>
			<key>fileEncoding</key>
			<string>4</string>
			<key>isa</key>
			<string>PBXFileReference</string>
			<key>lastKnownFileType</key>
			<string>sourcecode.c.objc</string>
			<key>path</key>
			<string>BTCTableViewCell.m</string>
			<key>sourceTree</key>
			<string>&lt;group&gt;</string>
		</dict>
		<key>21C14CD119C910F80011C908</key>
		<dict>
			<key>fileEncoding</key>
			<string>4</string>
			<key>isa</key>
			<string>PBXFileReference</string>
			<key>lastKnownFileType</key>
			<string>sourcecode.c.h</string>
			<key>path</key>
			<string>BTCTextField.h</string>
			<key>sourceTree</key>
			<string>&lt;group&gt;</string>
		</dict>
		<key>21C14CD219C910F80011C908</key>
		<dict>
			<key>fileEncoding</key>
			<string>4</string>
			<key>isa</key>
			<string>PBXFileReference</string>
			<key>lastKnownFileType</key>
			<string>sourcecode.c.objc</string>
			<key>path</key>
			<string>BTCTextField.m</string>
			<key>sourceTree</key>
			<string>&lt;group&gt;</string>
		</dict>
		<key>21C14CD319C910F80011C908</key>
		<dict>
			<key>fileEncoding</key>
			<string>4</string>
			<key>isa</key>
			<string>PBXFileReference</string>
			<key>lastKnownFileType</key>
			<string>sourcecode.c.h</string>
			<key>path</key>
			<string>BTCTickingButton.h</string>
			<key>sourceTree</key>
			<string>&lt;group&gt;</string>
		</dict>
		<key>21C14CD419C910F80011C908</key>
		<dict>
			<key>fileEncoding</key>
			<string>4</string>
			<key>isa</key>
			<string>PBXFileReference</string>
			<key>lastKnownFileType</key>
			<string>sourcecode.c.objc</string>
			<key>path</key>
			<string>BTCTickingButton.m</string>
			<key>sourceTree</key>
			<string>&lt;group&gt;</string>
		</dict>
		<key>21C14CD719C910F80011C908</key>
		<dict>
			<key>fileEncoding</key>
			<string>4</string>
			<key>isa</key>
			<string>PBXFileReference</string>
			<key>lastKnownFileType</key>
			<string>sourcecode.c.h</string>
			<key>path</key>
			<string>BTCValueViewController.h</string>
			<key>sourceTree</key>
			<string>&lt;group&gt;</string>
		</dict>
		<key>21C14CD819C910F80011C908</key>
		<dict>
			<key>fileEncoding</key>
			<string>4</string>
			<key>isa</key>
			<string>PBXFileReference</string>
			<key>lastKnownFileType</key>
			<string>sourcecode.c.objc</string>
			<key>path</key>
			<string>BTCValueViewController.m</string>
			<key>sourceTree</key>
			<string>&lt;group&gt;</string>
		</dict>
		<key>21C14CD919C910F80011C908</key>
		<dict>
			<key>fileEncoding</key>
			<string>4</string>
			<key>isa</key>
			<string>PBXFileReference</string>
			<key>lastKnownFileType</key>
			<string>sourcecode.c.h</string>
			<key>path</key>
			<string>NSDate+Coins.h</string>
			<key>sourceTree</key>
			<string>&lt;group&gt;</string>
		</dict>
		<key>21C14CDA19C910F80011C908</key>
		<dict>
			<key>fileEncoding</key>
			<string>4</string>
			<key>isa</key>
			<string>PBXFileReference</string>
			<key>lastKnownFileType</key>
			<string>sourcecode.c.objc</string>
			<key>path</key>
			<string>NSDate+Coins.m</string>
			<key>sourceTree</key>
			<string>&lt;group&gt;</string>
		</dict>
		<key>21C14CDD19C910F80011C908</key>
		<dict>
			<key>children</key>
			<array>
				<string>21C14CE019C910F80011C908</string>
				<string>21C14CE119C910F80011C908</string>
			</array>
			<key>isa</key>
			<string>PBXGroup</string>
			<key>path</key>
			<string>Other Sources</string>
			<key>sourceTree</key>
			<string>&lt;group&gt;</string>
		</dict>
		<key>21C14CE019C910F80011C908</key>
		<dict>
			<key>fileEncoding</key>
			<string>4</string>
			<key>isa</key>
			<string>PBXFileReference</string>
			<key>lastKnownFileType</key>
			<string>sourcecode.c.h</string>
			<key>path</key>
			<string>Coins-Prefix.pch</string>
			<key>sourceTree</key>
			<string>&lt;group&gt;</string>
		</dict>
		<key>21C14CE119C910F80011C908</key>
		<dict>
			<key>fileEncoding</key>
			<string>4</string>
			<key>isa</key>
			<string>PBXFileReference</string>
			<key>lastKnownFileType</key>
			<string>sourcecode.c.objc</string>
			<key>path</key>
			<string>main.m</string>
			<key>sourceTree</key>
			<string>&lt;group&gt;</string>
		</dict>
		<key>21C14CE219C910F80011C908</key>
		<dict>
			<key>children</key>
			<array>
				<string>21C14CE319C910F80011C908</string>
				<string>21C14CE519C910F80011C908</string>
				<string>21C14CE619C910F80011C908</string>
				<string>21C14CE819C910F80011C908</string>
				<string>21C14CE919C910F80011C908</string>
			</array>
			<key>isa</key>
			<string>PBXGroup</string>
			<key>path</key>
			<string>Resources</string>
			<key>sourceTree</key>
			<string>&lt;group&gt;</string>
		</dict>
		<key>21C14CE319C910F80011C908</key>
		<dict>
			<key>fileEncoding</key>
			<string>4</string>
			<key>isa</key>
			<string>PBXFileReference</string>
			<key>lastKnownFileType</key>
			<string>text.plist.xml</string>
			<key>path</key>
			<string>Coins-Info.plist</string>
			<key>sourceTree</key>
			<string>&lt;group&gt;</string>
		</dict>
		<key>21C14CE519C910F80011C908</key>
		<dict>
			<key>fileEncoding</key>
			<string>4</string>
			<key>isa</key>
			<string>PBXFileReference</string>
			<key>lastKnownFileType</key>
			<string>text.json</string>
			<key>path</key>
			<string>currencies.json</string>
			<key>sourceTree</key>
			<string>&lt;group&gt;</string>
		</dict>
		<key>21C14CE619C910F80011C908</key>
		<dict>
			<key>children</key>
			<array>
				<string>21C14CE719C910F80011C908</string>
			</array>
			<key>isa</key>
			<string>PBXVariantGroup</string>
			<key>name</key>
			<string>Localizable.strings</string>
			<key>sourceTree</key>
			<string>&lt;group&gt;</string>
		</dict>
		<key>21C14CE719C910F80011C908</key>
		<dict>
			<key>isa</key>
			<string>PBXFileReference</string>
			<key>lastKnownFileType</key>
			<string>text.plist.strings</string>
			<key>name</key>
			<string>en</string>
			<key>path</key>
			<string>en.lproj/Localizable.strings</string>
			<key>sourceTree</key>
			<string>&lt;group&gt;</string>
		</dict>
		<key>21C14CE819C910F80011C908</key>
		<dict>
			<key>isa</key>
			<string>PBXFileReference</string>
			<key>lastKnownFileType</key>
			<string>folder.assetcatalog</string>
			<key>path</key>
			<string>Images.xcassets</string>
			<key>sourceTree</key>
			<string>&lt;group&gt;</string>
		</dict>
		<key>21C14CE919C910F80011C908</key>
		<dict>
			<key>isa</key>
			<string>PBXFileReference</string>
			<key>lastKnownFileType</key>
			<string>wrapper.plug-in</string>
			<key>path</key>
			<string>Settings.bundle</string>
			<key>sourceTree</key>
			<string>&lt;group&gt;</string>
		</dict>
		<key>21C14CED19C910F80011C908</key>
		<dict>
			<key>fileRef</key>
			<string>21C14CCA19C910F80011C908</string>
			<key>isa</key>
			<string>PBXBuildFile</string>
		</dict>
		<key>21C14CEF19C910F80011C908</key>
		<dict>
			<key>fileRef</key>
			<string>21C14CCE19C910F80011C908</string>
			<key>isa</key>
			<string>PBXBuildFile</string>
		</dict>
		<key>21C14CF019C910F80011C908</key>
		<dict>
			<key>fileRef</key>
			<string>21C14CD019C910F80011C908</string>
			<key>isa</key>
			<string>PBXBuildFile</string>
		</dict>
		<key>21C14CF119C910F80011C908</key>
		<dict>
			<key>fileRef</key>
			<string>21C14CD219C910F80011C908</string>
			<key>isa</key>
			<string>PBXBuildFile</string>
		</dict>
		<key>21C14CF219C910F80011C908</key>
		<dict>
			<key>fileRef</key>
			<string>21C14CD419C910F80011C908</string>
			<key>isa</key>
			<string>PBXBuildFile</string>
		</dict>
		<key>21C14CF419C910F80011C908</key>
		<dict>
			<key>fileRef</key>
			<string>21C14CD819C910F80011C908</string>
			<key>isa</key>
			<string>PBXBuildFile</string>
		</dict>
		<key>21C14CF519C910F80011C908</key>
		<dict>
			<key>fileRef</key>
			<string>21C14CDA19C910F80011C908</string>
			<key>isa</key>
			<string>PBXBuildFile</string>
		</dict>
		<key>21C14CF819C910F80011C908</key>
		<dict>
			<key>fileRef</key>
			<string>21C14CE119C910F80011C908</string>
			<key>isa</key>
			<string>PBXBuildFile</string>
		</dict>
		<key>21C14CFB19C910F80011C908</key>
		<dict>
			<key>fileRef</key>
			<string>21C14CE519C910F80011C908</string>
			<key>isa</key>
			<string>PBXBuildFile</string>
		</dict>
		<key>21C14CFC19C910F80011C908</key>
		<dict>
			<key>fileRef</key>
			<string>21C14CE619C910F80011C908</string>
			<key>isa</key>
			<string>PBXBuildFile</string>
		</dict>
		<key>21C14CFD19C910F80011C908</key>
		<dict>
			<key>fileRef</key>
			<string>21C14CE819C910F80011C908</string>
			<key>isa</key>
			<string>PBXBuildFile</string>
		</dict>
		<key>21C14CFE19C910F80011C908</key>
		<dict>
			<key>fileRef</key>
			<string>21C14CE919C910F80011C908</string>
			<key>isa</key>
			<string>PBXBuildFile</string>
		</dict>
		<key>21C14D0219C9196B0011C908</key>
		<dict>
			<key>buildActionMask</key>
			<string>2147483647</string>
			<key>files</key>
			<array/>
			<key>inputPaths</key>
			<array/>
			<key>isa</key>
			<string>PBXShellScriptBuildPhase</string>
			<key>name</key>
			<string>Hockey</string>
			<key>outputPaths</key>
			<array/>
			<key>runOnlyForDeploymentPostprocessing</key>
			<string>0</string>
			<key>shellPath</key>
			<string>/bin/sh</string>
			<key>shellScript</key>
			<string>FILE="${SRCROOT}/Vendor/HockeySDK-iOS/BuildAgent"
if [ -f "$FILE" ]; then
"$FILE"
fi</string>
		</dict>
		<key>21C14D0319C91A370011C908</key>
		<dict>
			<key>buildActionMask</key>
			<string>2147483647</string>
			<key>files</key>
			<array>
				<string>21C103EB19C91E4000CC5F36</string>
				<string>21C14D2919C91BBB0011C908</string>
				<string>21C14D2B19C91BBB0011C908</string>
				<string>21C14D2019C91B9F0011C908</string>
				<string>21C103F319C921DD00CC5F36</string>
				<string>21C103EF19C91EE700CC5F36</string>
			</array>
			<key>isa</key>
			<string>PBXSourcesBuildPhase</string>
			<key>runOnlyForDeploymentPostprocessing</key>
			<string>0</string>
		</dict>
		<key>21C14D0419C91A370011C908</key>
		<dict>
			<key>buildActionMask</key>
			<string>2147483647</string>
			<key>files</key>
			<array>
				<string>21C14D0919C91A370011C908</string>
				<string>706A927C5A364F81883495D5</string>
			</array>
			<key>isa</key>
			<string>PBXFrameworksBuildPhase</string>
			<key>runOnlyForDeploymentPostprocessing</key>
			<string>0</string>
		</dict>
		<key>21C14D0519C91A370011C908</key>
		<dict>
			<key>buildActionMask</key>
			<string>2147483647</string>
			<key>files</key>
			<array/>
			<key>isa</key>
			<string>PBXResourcesBuildPhase</string>
			<key>runOnlyForDeploymentPostprocessing</key>
			<string>0</string>
		</dict>
		<key>21C14D0619C91A370011C908</key>
		<dict>
			<key>buildConfigurationList</key>
			<string>21C14D1719C91A370011C908</string>
			<key>buildPhases</key>
			<array>
				<string>C318B23F3C3D46C5B0AFD1AE</string>
				<string>21C14D0319C91A370011C908</string>
				<string>21C14D0419C91A370011C908</string>
				<string>21C14D0519C91A370011C908</string>
				<string>616A5DCDEF8248F4AFC7BB06</string>
			</array>
			<key>buildRules</key>
			<array/>
			<key>dependencies</key>
			<array/>
			<key>isa</key>
			<string>PBXNativeTarget</string>
			<key>name</key>
			<string>Coins Today</string>
			<key>productName</key>
			<string>Coins Today</string>
			<key>productReference</key>
			<string>21C14D0719C91A370011C908</string>
			<key>productType</key>
			<string>com.apple.product-type.app-extension</string>
		</dict>
		<key>21C14D0719C91A370011C908</key>
		<dict>
			<key>explicitFileType</key>
			<string>wrapper.app-extension</string>
			<key>includeInIndex</key>
			<string>0</string>
			<key>isa</key>
			<string>PBXFileReference</string>
			<key>path</key>
			<string>Coins Today.appex</string>
			<key>sourceTree</key>
			<string>BUILT_PRODUCTS_DIR</string>
		</dict>
		<key>21C14D0819C91A370011C908</key>
		<dict>
			<key>isa</key>
			<string>PBXFileReference</string>
			<key>lastKnownFileType</key>
			<string>wrapper.framework</string>
			<key>name</key>
			<string>NotificationCenter.framework</string>
			<key>path</key>
			<string>System/Library/Frameworks/NotificationCenter.framework</string>
			<key>sourceTree</key>
			<string>SDKROOT</string>
		</dict>
		<key>21C14D0919C91A370011C908</key>
		<dict>
			<key>fileRef</key>
			<string>21C14D0819C91A370011C908</string>
			<key>isa</key>
			<string>PBXBuildFile</string>
		</dict>
		<key>21C14D0A19C91A370011C908</key>
		<dict>
			<key>children</key>
			<array>
				<string>21C14D1B19C91B9F0011C908</string>
				<string>21C14D1E19C91B9F0011C908</string>
			</array>
			<key>isa</key>
			<string>PBXGroup</string>
			<key>path</key>
			<string>Coins Today</string>
			<key>sourceTree</key>
			<string>&lt;group&gt;</string>
		</dict>
		<key>21C14D1219C91A370011C908</key>
		<dict>
			<key>containerPortal</key>
			<string>2130E15D1864AD57006D3470</string>
			<key>isa</key>
			<string>PBXContainerItemProxy</string>
			<key>proxyType</key>
			<string>1</string>
			<key>remoteGlobalIDString</key>
			<string>21C14D0619C91A370011C908</string>
			<key>remoteInfo</key>
			<string>Coins Today</string>
		</dict>
		<key>21C14D1319C91A370011C908</key>
		<dict>
			<key>isa</key>
			<string>PBXTargetDependency</string>
			<key>target</key>
			<string>21C14D0619C91A370011C908</string>
			<key>targetProxy</key>
			<string>21C14D1219C91A370011C908</string>
		</dict>
		<key>21C14D1419C91A370011C908</key>
		<dict>
			<key>fileRef</key>
			<string>21C14D0719C91A370011C908</string>
			<key>isa</key>
			<string>PBXBuildFile</string>
			<key>settings</key>
			<dict>
				<key>ATTRIBUTES</key>
				<array>
					<string>RemoveHeadersOnCopy</string>
				</array>
			</dict>
		</dict>
		<key>21C14D1519C91A370011C908</key>
		<dict>
			<key>containerPortal</key>
			<string>2130E15D1864AD57006D3470</string>
			<key>isa</key>
			<string>PBXContainerItemProxy</string>
			<key>proxyType</key>
			<string>1</string>
			<key>remoteGlobalIDString</key>
			<string>21C14D0619C91A370011C908</string>
			<key>remoteInfo</key>
			<string>Coins Today</string>
		</dict>
		<key>21C14D1619C91A370011C908</key>
		<dict>
			<key>isa</key>
			<string>PBXTargetDependency</string>
			<key>target</key>
			<string>21C14D0619C91A370011C908</string>
			<key>targetProxy</key>
			<string>21C14D1519C91A370011C908</string>
		</dict>
		<key>21C14D1719C91A370011C908</key>
		<dict>
			<key>buildConfigurations</key>
			<array>
				<string>21C14D1819C91A370011C908</string>
				<string>21C14D1919C91A370011C908</string>
			</array>
			<key>defaultConfigurationIsVisible</key>
			<string>0</string>
			<key>defaultConfigurationName</key>
			<string>Release</string>
			<key>isa</key>
			<string>XCConfigurationList</string>
		</dict>
		<key>21C14D1819C91A370011C908</key>
		<dict>
			<key>baseConfigurationReference</key>
			<string>F84CB9346C5345429EB77252</string>
			<key>buildSettings</key>
			<dict>
				<key>CLANG_WARN_UNREACHABLE_CODE</key>
				<string>YES</string>
				<key>CODE_SIGN_IDENTITY</key>
				<string>iPhone Developer</string>
				<key>ENABLE_STRICT_OBJC_MSGSEND</key>
				<string>YES</string>
				<key>GCC_PREPROCESSOR_DEFINITIONS</key>
				<array>
					<string>DEBUG=1</string>
					<string>$(inherited)</string>
				</array>
				<key>GCC_WARN_UNINITIALIZED_AUTOS</key>
				<string>YES_AGGRESSIVE</string>
				<key>INFOPLIST_FILE</key>
				<string>$(SRCROOT)/Coins Today/Resources/Info.plist</string>
				<key>IPHONEOS_DEPLOYMENT_TARGET</key>
				<string>8.0</string>
				<key>LD_RUNPATH_SEARCH_PATHS</key>
				<string>$(inherited) @executable_path/Frameworks @executable_path/../../Frameworks</string>
				<key>MTL_ENABLE_DEBUG_INFO</key>
				<string>YES</string>
				<key>PRODUCT_NAME</key>
				<string>$(TARGET_NAME)</string>
				<key>SKIP_INSTALL</key>
				<string>YES</string>
			</dict>
			<key>isa</key>
			<string>XCBuildConfiguration</string>
			<key>name</key>
			<string>Debug</string>
		</dict>
		<key>21C14D1919C91A370011C908</key>
		<dict>
			<key>baseConfigurationReference</key>
			<string>F84CB9346C5345429EB77252</string>
			<key>buildSettings</key>
			<dict>
				<key>CLANG_WARN_UNREACHABLE_CODE</key>
				<string>YES</string>
				<key>CODE_SIGN_IDENTITY</key>
				<string>iPhone Distribution: Nothing Magical Inc. (UP9C8XM22A)</string>
				<key>ENABLE_STRICT_OBJC_MSGSEND</key>
				<string>YES</string>
				<key>GCC_WARN_UNINITIALIZED_AUTOS</key>
				<string>YES_AGGRESSIVE</string>
				<key>INFOPLIST_FILE</key>
				<string>$(SRCROOT)/Coins Today/Resources/Info.plist</string>
				<key>IPHONEOS_DEPLOYMENT_TARGET</key>
				<string>8.0</string>
				<key>LD_RUNPATH_SEARCH_PATHS</key>
				<string>$(inherited) @executable_path/Frameworks @executable_path/../../Frameworks</string>
				<key>MTL_ENABLE_DEBUG_INFO</key>
				<string>NO</string>
				<key>PRODUCT_NAME</key>
				<string>$(TARGET_NAME)</string>
				<key>SKIP_INSTALL</key>
				<string>YES</string>
			</dict>
			<key>isa</key>
			<string>XCBuildConfiguration</string>
			<key>name</key>
			<string>Release</string>
		</dict>
		<key>21C14D1A19C91A370011C908</key>
		<dict>
			<key>buildActionMask</key>
			<string>2147483647</string>
			<key>dstPath</key>
			<string></string>
			<key>dstSubfolderSpec</key>
			<string>13</string>
			<key>files</key>
			<array>
				<string>21C14D1419C91A370011C908</string>
			</array>
			<key>isa</key>
			<string>PBXCopyFilesBuildPhase</string>
			<key>name</key>
			<string>Embed App Extensions</string>
			<key>runOnlyForDeploymentPostprocessing</key>
			<string>0</string>
		</dict>
		<key>21C14D1B19C91B9F0011C908</key>
		<dict>
			<key>children</key>
			<array>
				<string>21C14D1C19C91B9F0011C908</string>
				<string>21C14D1D19C91B9F0011C908</string>
			</array>
			<key>isa</key>
			<string>PBXGroup</string>
			<key>path</key>
			<string>Classes</string>
			<key>sourceTree</key>
			<string>&lt;group&gt;</string>
		</dict>
		<key>21C14D1C19C91B9F0011C908</key>
		<dict>
			<key>fileEncoding</key>
			<string>4</string>
			<key>isa</key>
			<string>PBXFileReference</string>
			<key>lastKnownFileType</key>
			<string>sourcecode.c.h</string>
			<key>path</key>
			<string>TodayViewController.h</string>
			<key>sourceTree</key>
			<string>&lt;group&gt;</string>
		</dict>
		<key>21C14D1D19C91B9F0011C908</key>
		<dict>
			<key>fileEncoding</key>
			<string>4</string>
			<key>isa</key>
			<string>PBXFileReference</string>
			<key>lastKnownFileType</key>
			<string>sourcecode.c.objc</string>
			<key>path</key>
			<string>TodayViewController.m</string>
			<key>sourceTree</key>
			<string>&lt;group&gt;</string>
		</dict>
		<key>21C14D1E19C91B9F0011C908</key>
		<dict>
			<key>children</key>
			<array>
				<string>21C14D1F19C91B9F0011C908</string>
			</array>
			<key>isa</key>
			<string>PBXGroup</string>
			<key>path</key>
			<string>Resources</string>
			<key>sourceTree</key>
			<string>&lt;group&gt;</string>
		</dict>
		<key>21C14D1F19C91B9F0011C908</key>
		<dict>
			<key>fileEncoding</key>
			<string>4</string>
			<key>isa</key>
			<string>PBXFileReference</string>
			<key>lastKnownFileType</key>
			<string>text.plist.xml</string>
			<key>path</key>
			<string>Info.plist</string>
			<key>sourceTree</key>
			<string>&lt;group&gt;</string>
		</dict>
		<key>21C14D2019C91B9F0011C908</key>
		<dict>
			<key>fileRef</key>
			<string>21C14D1D19C91B9F0011C908</string>
			<key>isa</key>
			<string>PBXBuildFile</string>
		</dict>
		<key>21C14D2219C91BBB0011C908</key>
		<dict>
			<key>children</key>
			<array>
				<string>21C14D2319C91BBB0011C908</string>
			</array>
			<key>isa</key>
			<string>PBXGroup</string>
			<key>path</key>
			<string>CoinsKit</string>
			<key>sourceTree</key>
			<string>&lt;group&gt;</string>
		</dict>
		<key>21C14D2319C91BBB0011C908</key>
		<dict>
			<key>children</key>
			<array>
				<string>21C14D2C19C91BCA0011C908</string>
				<string>21C103F019C921DD00CC5F36</string>
				<string>21C103F119C921DD00CC5F36</string>
				<string>21C14D2419C91BBB0011C908</string>
				<string>21C14D2519C91BBB0011C908</string>
				<string>21C103EC19C91EE700CC5F36</string>
				<string>21C103ED19C91EE700CC5F36</string>
				<string>21C14D2619C91BBB0011C908</string>
				<string>21C14D2719C91BBB0011C908</string>
				<string>21C103E819C91E4000CC5F36</string>
				<string>21C103E919C91E4000CC5F36</string>
			</array>
			<key>isa</key>
			<string>PBXGroup</string>
			<key>path</key>
			<string>Classes</string>
			<key>sourceTree</key>
			<string>&lt;group&gt;</string>
		</dict>
		<key>21C14D2419C91BBB0011C908</key>
		<dict>
			<key>fileEncoding</key>
			<string>4</string>
			<key>isa</key>
			<string>PBXFileReference</string>
			<key>lastKnownFileType</key>
			<string>sourcecode.c.h</string>
			<key>path</key>
			<string>BTCValueView.h</string>
			<key>sourceTree</key>
			<string>&lt;group&gt;</string>
		</dict>
		<key>21C14D2519C91BBB0011C908</key>
		<dict>
			<key>fileEncoding</key>
			<string>4</string>
			<key>isa</key>
			<string>PBXFileReference</string>
			<key>lastKnownFileType</key>
			<string>sourcecode.c.objc</string>
			<key>path</key>
			<string>BTCValueView.m</string>
			<key>sourceTree</key>
			<string>&lt;group&gt;</string>
		</dict>
		<key>21C14D2619C91BBB0011C908</key>
		<dict>
			<key>fileEncoding</key>
			<string>4</string>
			<key>isa</key>
			<string>PBXFileReference</string>
			<key>lastKnownFileType</key>
			<string>sourcecode.c.h</string>
			<key>path</key>
			<string>UIColor+Coins.h</string>
			<key>sourceTree</key>
			<string>&lt;group&gt;</string>
		</dict>
		<key>21C14D2719C91BBB0011C908</key>
		<dict>
			<key>fileEncoding</key>
			<string>4</string>
			<key>isa</key>
			<string>PBXFileReference</string>
			<key>lastKnownFileType</key>
			<string>sourcecode.c.objc</string>
			<key>path</key>
			<string>UIColor+Coins.m</string>
			<key>sourceTree</key>
			<string>&lt;group&gt;</string>
		</dict>
		<key>21C14D2819C91BBB0011C908</key>
		<dict>
			<key>fileRef</key>
			<string>21C14D2519C91BBB0011C908</string>
			<key>isa</key>
			<string>PBXBuildFile</string>
		</dict>
		<key>21C14D2919C91BBB0011C908</key>
		<dict>
			<key>fileRef</key>
			<string>21C14D2519C91BBB0011C908</string>
			<key>isa</key>
			<string>PBXBuildFile</string>
		</dict>
		<key>21C14D2A19C91BBB0011C908</key>
		<dict>
			<key>fileRef</key>
			<string>21C14D2719C91BBB0011C908</string>
			<key>isa</key>
			<string>PBXBuildFile</string>
		</dict>
		<key>21C14D2B19C91BBB0011C908</key>
		<dict>
			<key>fileRef</key>
			<string>21C14D2719C91BBB0011C908</string>
			<key>isa</key>
			<string>PBXBuildFile</string>
		</dict>
		<key>21C14D2C19C91BCA0011C908</key>
		<dict>
			<key>isa</key>
			<string>PBXFileReference</string>
			<key>lastKnownFileType</key>
			<string>sourcecode.c.h</string>
			<key>path</key>
			<string>CoinsKit.h</string>
			<key>sourceTree</key>
			<string>&lt;group&gt;</string>
		</dict>
		<key>21F9D1971876952A00F36678</key>
		<dict>
			<key>children</key>
			<array>
				<string>21F9D1981876952A00F36678</string>
				<string>21F9D1991876952A00F36678</string>
			</array>
			<key>isa</key>
			<string>PBXGroup</string>
			<key>path</key>
			<string>Vendor</string>
			<key>sourceTree</key>
			<string>&lt;group&gt;</string>
		</dict>
		<key>21F9D1981876952A00F36678</key>
		<dict>
			<key>isa</key>
			<string>PBXFileReference</string>
			<key>lastKnownFileType</key>
			<string>wrapper.framework</string>
			<key>path</key>
			<string>Crashlytics.framework</string>
			<key>sourceTree</key>
			<string>&lt;group&gt;</string>
		</dict>
		<key>21F9D1991876952A00F36678</key>
		<dict>
			<key>children</key>
			<array>
				<string>21F9D19A1876952A00F36678</string>
				<string>21F9D19B1876952A00F36678</string>
			</array>
			<key>isa</key>
			<string>PBXGroup</string>
			<key>path</key>
			<string>Localytics</string>
			<key>sourceTree</key>
			<string>&lt;group&gt;</string>
		</dict>
		<key>21F9D19A1876952A00F36678</key>
		<dict>
			<key>fileEncoding</key>
			<string>4</string>
			<key>isa</key>
			<string>PBXFileReference</string>
			<key>lastKnownFileType</key>
			<string>sourcecode.c.h</string>
			<key>path</key>
			<string>LocalyticsUtilities.h</string>
			<key>sourceTree</key>
			<string>&lt;group&gt;</string>
		</dict>
		<key>21F9D19B1876952A00F36678</key>
		<dict>
			<key>fileEncoding</key>
			<string>4</string>
			<key>isa</key>
			<string>PBXFileReference</string>
			<key>lastKnownFileType</key>
			<string>sourcecode.c.objc</string>
			<key>path</key>
			<string>LocalyticsUtilities.m</string>
			<key>sourceTree</key>
			<string>&lt;group&gt;</string>
		</dict>
		<key>21F9D19D1876952A00F36678</key>
		<dict>
			<key>fileRef</key>
			<string>21F9D19B1876952A00F36678</string>
			<key>isa</key>
			<string>PBXBuildFile</string>
		</dict>
		<key>35E3728C36FE40B491367BE5</key>
		<dict>
			<key>buildActionMask</key>
			<string>2147483647</string>
			<key>files</key>
			<array/>
			<key>inputPaths</key>
			<array/>
			<key>isa</key>
			<string>PBXShellScriptBuildPhase</string>
			<key>name</key>
			<string>Check Pods Manifest.lock</string>
			<key>outputPaths</key>
			<array/>
			<key>runOnlyForDeploymentPostprocessing</key>
			<string>0</string>
			<key>shellPath</key>
			<string>/bin/sh</string>
			<key>shellScript</key>
			<string>diff "${PODS_ROOT}/../Podfile.lock" "${PODS_ROOT}/Manifest.lock" &gt; /dev/null
if [[ $? != 0 ]] ; then
    cat &lt;&lt; EOM
error: The sandbox is not in sync with the Podfile.lock. Run 'pod install' or update your CocoaPods installation.
EOM
    exit 1
fi
</string>
			<key>showEnvVarsInLog</key>
			<string>0</string>
		</dict>
		<key>421E383A04144C6A8624166B</key>
		<dict>
			<key>explicitFileType</key>
			<string>archive.ar</string>
			<key>includeInIndex</key>
			<string>0</string>
			<key>isa</key>
			<string>PBXFileReference</string>
			<key>path</key>
			<string>libPods-Coins.a</string>
			<key>sourceTree</key>
			<string>BUILT_PRODUCTS_DIR</string>
		</dict>
		<key>5A091C7B00FD4B889C81DEB8</key>
		<dict>
			<key>fileRef</key>
			<string>421E383A04144C6A8624166B</string>
			<key>isa</key>
			<string>PBXBuildFile</string>
		</dict>
		<key>616A5DCDEF8248F4AFC7BB06</key>
		<dict>
			<key>buildActionMask</key>
			<string>2147483647</string>
			<key>files</key>
			<array/>
			<key>inputPaths</key>
			<array/>
			<key>isa</key>
			<string>PBXShellScriptBuildPhase</string>
			<key>name</key>
			<string>Copy Pods Resources</string>
			<key>outputPaths</key>
			<array/>
			<key>runOnlyForDeploymentPostprocessing</key>
			<string>0</string>
			<key>shellPath</key>
			<string>/bin/sh</string>
			<key>shellScript</key>
			<string>"${SRCROOT}/Pods/Pods-Coins Today-resources.sh"
</string>
			<key>showEnvVarsInLog</key>
			<string>0</string>
		</dict>
		<key>706A927C5A364F81883495D5</key>
		<dict>
			<key>fileRef</key>
			<string>E7F6998536F74DFE984E7C8A</string>
			<key>isa</key>
			<string>PBXBuildFile</string>
		</dict>
		<key>7C733206B69A4AA88CE1C3A3</key>
		<dict>
			<key>explicitFileType</key>
			<string>archive.ar</string>
			<key>includeInIndex</key>
			<string>0</string>
			<key>isa</key>
			<string>PBXFileReference</string>
			<key>path</key>
			<string>libPods.a</string>
			<key>sourceTree</key>
			<string>BUILT_PRODUCTS_DIR</string>
		</dict>
		<key>B7B206D3CD97420994DFC1B1</key>
		<dict>
			<key>includeInIndex</key>
			<string>1</string>
			<key>isa</key>
			<string>PBXFileReference</string>
			<key>lastKnownFileType</key>
			<string>text.xcconfig</string>
			<key>name</key>
			<string>Pods.xcconfig</string>
			<key>path</key>
			<string>Pods/Pods.xcconfig</string>
			<key>sourceTree</key>
			<string>&lt;group&gt;</string>
		</dict>
		<key>C318B23F3C3D46C5B0AFD1AE</key>
		<dict>
			<key>buildActionMask</key>
			<string>2147483647</string>
			<key>files</key>
			<array/>
			<key>inputPaths</key>
			<array/>
			<key>isa</key>
			<string>PBXShellScriptBuildPhase</string>
			<key>name</key>
			<string>Check Pods Manifest.lock</string>
			<key>outputPaths</key>
			<array/>
			<key>runOnlyForDeploymentPostprocessing</key>
			<string>0</string>
			<key>shellPath</key>
			<string>/bin/sh</string>
			<key>shellScript</key>
			<string>diff "${PODS_ROOT}/../Podfile.lock" "${PODS_ROOT}/Manifest.lock" &gt; /dev/null
if [[ $? != 0 ]] ; then
    cat &lt;&lt; EOM
error: The sandbox is not in sync with the Podfile.lock. Run 'pod install' or update your CocoaPods installation.
EOM
    exit 1
fi
</string>
			<key>showEnvVarsInLog</key>
			<string>0</string>
		</dict>
		<key>D26F87DC0D5E4E1B989B2740</key>
		<dict>
			<key>includeInIndex</key>
			<string>1</string>
			<key>isa</key>
			<string>PBXFileReference</string>
			<key>lastKnownFileType</key>
			<string>text.xcconfig</string>
			<key>name</key>
			<string>Pods-Coins.xcconfig</string>
			<key>path</key>
			<string>Pods/Pods-Coins.xcconfig</string>
			<key>sourceTree</key>
			<string>&lt;group&gt;</string>
		</dict>
		<key>E7F6998536F74DFE984E7C8A</key>
		<dict>
			<key>explicitFileType</key>
			<string>archive.ar</string>
			<key>includeInIndex</key>
			<string>0</string>
			<key>isa</key>
			<string>PBXFileReference</string>
			<key>path</key>
			<string>libPods-Coins Today.a</string>
			<key>sourceTree</key>
			<string>BUILT_PRODUCTS_DIR</string>
		</dict>
		<key>F84CB9346C5345429EB77252</key>
		<dict>
			<key>includeInIndex</key>
			<string>1</string>
			<key>isa</key>
			<string>PBXFileReference</string>
			<key>lastKnownFileType</key>
			<string>text.xcconfig</string>
			<key>name</key>
			<string>Pods-Coins Today.xcconfig</string>
			<key>path</key>
			<string>Pods/Pods-Coins Today.xcconfig</string>
			<key>sourceTree</key>
			<string>&lt;group&gt;</string>
		</dict>
	</dict>
	<key>rootObject</key>
	<string>2130E15D1864AD57006D3470</string>
</dict>
</plist>
