// !$*UTF8*$!
{
	archiveVersion = 1;
	classes = {
	};
	objectVersion = 46;
	objects = {

/* Begin PBXBuildFile section */
		1C857B984FEC463AA5B2F2DB /* libPods.a in Frameworks */ = {isa = PBXBuildFile; fileRef = 7C733206B69A4AA88CE1C3A3 /* libPods.a */; };
		2100A16D1864B5E000C994C2 /* BTCCurrencyPickerTableViewController.m in Sources */ = {isa = PBXBuildFile; fileRef = 2100A16C1864B5E000C994C2 /* BTCCurrencyPickerTableViewController.m */; };
		2100A1701864B64500C994C2 /* Localizable.strings in Resources */ = {isa = PBXBuildFile; fileRef = 2100A16E1864B64500C994C2 /* Localizable.strings */; };
		2100A1731864B66D00C994C2 /* BTCTableViewCell.m in Sources */ = {isa = PBXBuildFile; fileRef = 2100A1721864B66D00C994C2 /* BTCTableViewCell.m */; };
		2100A1751864B81300C994C2 /* currencies.json in Resources */ = {isa = PBXBuildFile; fileRef = 2100A1741864B81300C994C2 /* currencies.json */; };
		2100A1781864BBCE00C994C2 /* BTCDefines.m in Sources */ = {isa = PBXBuildFile; fileRef = 2100A1771864BBCE00C994C2 /* BTCDefines.m */; };
		2100A1881864EE4300C994C2 /* BTCTickingButton.m in Sources */ = {isa = PBXBuildFile; fileRef = 2100A1871864EE4300C994C2 /* BTCTickingButton.m */; };
		2100A18C1864F5FE00C994C2 /* NSDate+Coins.m in Sources */ = {isa = PBXBuildFile; fileRef = 2100A18B1864F5FE00C994C2 /* NSDate+Coins.m */; };
		2100A18E1864F86D00C994C2 /* Settings.bundle in Resources */ = {isa = PBXBuildFile; fileRef = 2100A18D1864F86D00C994C2 /* Settings.bundle */; };
		2100A191186519CB00C994C2 /* BTCTextField.m in Sources */ = {isa = PBXBuildFile; fileRef = 2100A190186519CB00C994C2 /* BTCTextField.m */; };
		2130E1691864AD58006D3470 /* Foundation.framework in Frameworks */ = {isa = PBXBuildFile; fileRef = 2130E1681864AD58006D3470 /* Foundation.framework */; };
		2130E16B1864AD58006D3470 /* CoreGraphics.framework in Frameworks */ = {isa = PBXBuildFile; fileRef = 2130E16A1864AD58006D3470 /* CoreGraphics.framework */; };
		2130E16D1864AD58006D3470 /* UIKit.framework in Frameworks */ = {isa = PBXBuildFile; fileRef = 2130E16C1864AD58006D3470 /* UIKit.framework */; };
		2130E1821864AD58006D3470 /* XCTest.framework in Frameworks */ = {isa = PBXBuildFile; fileRef = 2130E1811864AD58006D3470 /* XCTest.framework */; };
		2130E1831864AD58006D3470 /* Foundation.framework in Frameworks */ = {isa = PBXBuildFile; fileRef = 2130E1681864AD58006D3470 /* Foundation.framework */; };
		2130E1841864AD58006D3470 /* UIKit.framework in Frameworks */ = {isa = PBXBuildFile; fileRef = 2130E16C1864AD58006D3470 /* UIKit.framework */; };
		2130E1A01864AD8B006D3470 /* BTCAppDelegate.m in Sources */ = {isa = PBXBuildFile; fileRef = 2130E1991864AD8B006D3470 /* BTCAppDelegate.m */; };
		2130E1A11864AD8B006D3470 /* main.m in Sources */ = {isa = PBXBuildFile; fileRef = 2130E19C1864AD8B006D3470 /* main.m */; };
		2130E1A31864AD8B006D3470 /* Images.xcassets in Resources */ = {isa = PBXBuildFile; fileRef = 2130E19F1864AD8B006D3470 /* Images.xcassets */; };
		2130E1A91864AD9E006D3470 /* CoinsTests.m in Sources */ = {isa = PBXBuildFile; fileRef = 2130E1A61864AD96006D3470 /* CoinsTests.m */; };
		2130E1AC1864AE1A006D3470 /* BTCValueViewController.m in Sources */ = {isa = PBXBuildFile; fileRef = 2130E1AB1864AE1A006D3470 /* BTCValueViewController.m */; };
		2130E1AF1864AE40006D3470 /* BTCConversionProvider.m in Sources */ = {isa = PBXBuildFile; fileRef = 2130E1AE1864AE40006D3470 /* BTCConversionProvider.m */; };
		21951DB41908C40D00B8D5D1 /* BTCValueView.m in Sources */ = {isa = PBXBuildFile; fileRef = 21951DB31908C40D00B8D5D1 /* BTCValueView.m */; };
		219B3462187C7A0500F50D1F /* UIColor+Coins.m in Sources */ = {isa = PBXBuildFile; fileRef = 219B3461187C7A0500F50D1F /* UIColor+Coins.m */; };
		21F99A8618652DAF00C19618 /* Coins.entitlements in Resources */ = {isa = PBXBuildFile; fileRef = 21F99A8518652DAF00C19618 /* Coins.entitlements */; };
		21F9D19C1876952A00F36678 /* Crashlytics.framework in Frameworks */ = {isa = PBXBuildFile; fileRef = 21F9D1981876952A00F36678 /* Crashlytics.framework */; };
		21F9D19D1876952A00F36678 /* LocalyticsUtilities.m in Sources */ = {isa = PBXBuildFile; fileRef = 21F9D19B1876952A00F36678 /* LocalyticsUtilities.m */; };
/* End PBXBuildFile section */

/* Begin PBXContainerItemProxy section */
		2130E1851864AD58006D3470 /* PBXContainerItemProxy */ = {
			isa = PBXContainerItemProxy;
			containerPortal = 2130E15D1864AD57006D3470 /* Project object */;
			proxyType = 1;
			remoteGlobalIDString = 2130E1641864AD58006D3470;
			remoteInfo = Coins;
		};
/* End PBXContainerItemProxy section */

/* Begin PBXFileReference section */
		2100A16B1864B5E000C994C2 /* BTCCurrencyPickerTableViewController.h */ = {isa = PBXFileReference; fileEncoding = 4; lastKnownFileType = sourcecode.c.h; path = BTCCurrencyPickerTableViewController.h; sourceTree = "<group>"; };
		2100A16C1864B5E000C994C2 /* BTCCurrencyPickerTableViewController.m */ = {isa = PBXFileReference; fileEncoding = 4; lastKnownFileType = sourcecode.c.objc; path = BTCCurrencyPickerTableViewController.m; sourceTree = "<group>"; };
		2100A16F1864B64500C994C2 /* en */ = {isa = PBXFileReference; lastKnownFileType = text.plist.strings; name = en; path = en.lproj/Localizable.strings; sourceTree = "<group>"; };
		2100A1711864B66D00C994C2 /* BTCTableViewCell.h */ = {isa = PBXFileReference; fileEncoding = 4; lastKnownFileType = sourcecode.c.h; path = BTCTableViewCell.h; sourceTree = "<group>"; };
		2100A1721864B66D00C994C2 /* BTCTableViewCell.m */ = {isa = PBXFileReference; fileEncoding = 4; lastKnownFileType = sourcecode.c.objc; path = BTCTableViewCell.m; sourceTree = "<group>"; };
		2100A1741864B81300C994C2 /* currencies.json */ = {isa = PBXFileReference; fileEncoding = 4; lastKnownFileType = text.json; path = currencies.json; sourceTree = "<group>"; };
		2100A1761864BBCE00C994C2 /* BTCDefines.h */ = {isa = PBXFileReference; fileEncoding = 4; lastKnownFileType = sourcecode.c.h; path = BTCDefines.h; sourceTree = "<group>"; };
		2100A1771864BBCE00C994C2 /* BTCDefines.m */ = {isa = PBXFileReference; fileEncoding = 4; lastKnownFileType = sourcecode.c.objc; path = BTCDefines.m; sourceTree = "<group>"; };
		2100A1861864EE4300C994C2 /* BTCTickingButton.h */ = {isa = PBXFileReference; fileEncoding = 4; lastKnownFileType = sourcecode.c.h; path = BTCTickingButton.h; sourceTree = "<group>"; };
		2100A1871864EE4300C994C2 /* BTCTickingButton.m */ = {isa = PBXFileReference; fileEncoding = 4; lastKnownFileType = sourcecode.c.objc; path = BTCTickingButton.m; sourceTree = "<group>"; };
		2100A18A1864F5FE00C994C2 /* NSDate+Coins.h */ = {isa = PBXFileReference; fileEncoding = 4; lastKnownFileType = sourcecode.c.h; path = "NSDate+Coins.h"; sourceTree = "<group>"; };
		2100A18B1864F5FE00C994C2 /* NSDate+Coins.m */ = {isa = PBXFileReference; fileEncoding = 4; lastKnownFileType = sourcecode.c.objc; path = "NSDate+Coins.m"; sourceTree = "<group>"; };
		2100A18D1864F86D00C994C2 /* Settings.bundle */ = {isa = PBXFileReference; lastKnownFileType = "wrapper.plug-in"; path = Settings.bundle; sourceTree = "<group>"; };
		2100A18F186519CB00C994C2 /* BTCTextField.h */ = {isa = PBXFileReference; fileEncoding = 4; lastKnownFileType = sourcecode.c.h; path = BTCTextField.h; sourceTree = "<group>"; };
		2100A190186519CB00C994C2 /* BTCTextField.m */ = {isa = PBXFileReference; fileEncoding = 4; lastKnownFileType = sourcecode.c.objc; path = BTCTextField.m; sourceTree = "<group>"; };
		2130E1651864AD58006D3470 /* Coins.app */ = {isa = PBXFileReference; explicitFileType = wrapper.application; includeInIndex = 0; path = Coins.app; sourceTree = BUILT_PRODUCTS_DIR; };
		2130E1681864AD58006D3470 /* Foundation.framework */ = {isa = PBXFileReference; lastKnownFileType = wrapper.framework; name = Foundation.framework; path = System/Library/Frameworks/Foundation.framework; sourceTree = SDKROOT; };
		2130E16A1864AD58006D3470 /* CoreGraphics.framework */ = {isa = PBXFileReference; lastKnownFileType = wrapper.framework; name = CoreGraphics.framework; path = System/Library/Frameworks/CoreGraphics.framework; sourceTree = SDKROOT; };
		2130E16C1864AD58006D3470 /* UIKit.framework */ = {isa = PBXFileReference; lastKnownFileType = wrapper.framework; name = UIKit.framework; path = System/Library/Frameworks/UIKit.framework; sourceTree = SDKROOT; };
		2130E1801864AD58006D3470 /* CoinsTests.xctest */ = {isa = PBXFileReference; explicitFileType = wrapper.cfbundle; includeInIndex = 0; path = CoinsTests.xctest; sourceTree = BUILT_PRODUCTS_DIR; };
		2130E1811864AD58006D3470 /* XCTest.framework */ = {isa = PBXFileReference; lastKnownFileType = wrapper.framework; name = XCTest.framework; path = Library/Frameworks/XCTest.framework; sourceTree = DEVELOPER_DIR; };
		2130E1981864AD8B006D3470 /* BTCAppDelegate.h */ = {isa = PBXFileReference; fileEncoding = 4; lastKnownFileType = sourcecode.c.h; path = BTCAppDelegate.h; sourceTree = "<group>"; };
		2130E1991864AD8B006D3470 /* BTCAppDelegate.m */ = {isa = PBXFileReference; fileEncoding = 4; lastKnownFileType = sourcecode.c.objc; path = BTCAppDelegate.m; sourceTree = "<group>"; };
		2130E19B1864AD8B006D3470 /* Coins-Prefix.pch */ = {isa = PBXFileReference; fileEncoding = 4; lastKnownFileType = sourcecode.c.h; path = "Coins-Prefix.pch"; sourceTree = "<group>"; };
		2130E19C1864AD8B006D3470 /* main.m */ = {isa = PBXFileReference; fileEncoding = 4; lastKnownFileType = sourcecode.c.objc; path = main.m; sourceTree = "<group>"; };
		2130E19E1864AD8B006D3470 /* Coins-Info.plist */ = {isa = PBXFileReference; fileEncoding = 4; lastKnownFileType = text.plist.xml; path = "Coins-Info.plist"; sourceTree = "<group>"; };
		2130E19F1864AD8B006D3470 /* Images.xcassets */ = {isa = PBXFileReference; lastKnownFileType = folder.assetcatalog; path = Images.xcassets; sourceTree = "<group>"; };
		2130E1A51864AD96006D3470 /* CoinsTests-Info.plist */ = {isa = PBXFileReference; fileEncoding = 4; lastKnownFileType = text.plist.xml; path = "CoinsTests-Info.plist"; sourceTree = "<group>"; };
		2130E1A61864AD96006D3470 /* CoinsTests.m */ = {isa = PBXFileReference; fileEncoding = 4; lastKnownFileType = sourcecode.c.objc; path = CoinsTests.m; sourceTree = "<group>"; };
		2130E1AA1864AE1A006D3470 /* BTCValueViewController.h */ = {isa = PBXFileReference; fileEncoding = 4; lastKnownFileType = sourcecode.c.h; path = BTCValueViewController.h; sourceTree = "<group>"; };
		2130E1AB1864AE1A006D3470 /* BTCValueViewController.m */ = {isa = PBXFileReference; fileEncoding = 4; lastKnownFileType = sourcecode.c.objc; path = BTCValueViewController.m; sourceTree = "<group>"; };
		2130E1AD1864AE40006D3470 /* BTCConversionProvider.h */ = {isa = PBXFileReference; fileEncoding = 4; lastKnownFileType = sourcecode.c.h; path = BTCConversionProvider.h; sourceTree = "<group>"; };
		2130E1AE1864AE40006D3470 /* BTCConversionProvider.m */ = {isa = PBXFileReference; fileEncoding = 4; lastKnownFileType = sourcecode.c.objc; path = BTCConversionProvider.m; sourceTree = "<group>"; };
		21951DB21908C40D00B8D5D1 /* BTCValueView.h */ = {isa = PBXFileReference; fileEncoding = 4; lastKnownFileType = sourcecode.c.h; path = BTCValueView.h; sourceTree = "<group>"; };
		21951DB31908C40D00B8D5D1 /* BTCValueView.m */ = {isa = PBXFileReference; fileEncoding = 4; lastKnownFileType = sourcecode.c.objc; path = BTCValueView.m; sourceTree = "<group>"; };
		219B3460187C7A0500F50D1F /* UIColor+Coins.h */ = {isa = PBXFileReference; fileEncoding = 4; lastKnownFileType = sourcecode.c.h; path = "UIColor+Coins.h"; sourceTree = "<group>"; };
		219B3461187C7A0500F50D1F /* UIColor+Coins.m */ = {isa = PBXFileReference; fileEncoding = 4; lastKnownFileType = sourcecode.c.objc; path = "UIColor+Coins.m"; sourceTree = "<group>"; };
		21F99A8518652DAF00C19618 /* Coins.entitlements */ = {isa = PBXFileReference; fileEncoding = 4; lastKnownFileType = text.xml; path = Coins.entitlements; sourceTree = "<group>"; };
		21F9D1981876952A00F36678 /* Crashlytics.framework */ = {isa = PBXFileReference; lastKnownFileType = wrapper.framework; path = Crashlytics.framework; sourceTree = "<group>"; };
		21F9D19A1876952A00F36678 /* LocalyticsUtilities.h */ = {isa = PBXFileReference; fileEncoding = 4; lastKnownFileType = sourcecode.c.h; path = LocalyticsUtilities.h; sourceTree = "<group>"; };
		21F9D19B1876952A00F36678 /* LocalyticsUtilities.m */ = {isa = PBXFileReference; fileEncoding = 4; lastKnownFileType = sourcecode.c.objc; path = LocalyticsUtilities.m; sourceTree = "<group>"; };
		7C733206B69A4AA88CE1C3A3 /* libPods.a */ = {isa = PBXFileReference; explicitFileType = archive.ar; includeInIndex = 0; path = libPods.a; sourceTree = BUILT_PRODUCTS_DIR; };
		B7B206D3CD97420994DFC1B1 /* Pods.xcconfig */ = {isa = PBXFileReference; includeInIndex = 1; lastKnownFileType = text.xcconfig; name = Pods.xcconfig; path = Pods/Pods.xcconfig; sourceTree = "<group>"; };
/* End PBXFileReference section */

/* Begin PBXFrameworksBuildPhase section */
		2130E1621864AD58006D3470 /* Frameworks */ = {
			isa = PBXFrameworksBuildPhase;
			buildActionMask = 2147483647;
			files = (
				2130E16B1864AD58006D3470 /* CoreGraphics.framework in Frameworks */,
				21F9D19C1876952A00F36678 /* Crashlytics.framework in Frameworks */,
				2130E16D1864AD58006D3470 /* UIKit.framework in Frameworks */,
				2130E1691864AD58006D3470 /* Foundation.framework in Frameworks */,
				1C857B984FEC463AA5B2F2DB /* libPods.a in Frameworks */,
			);
			runOnlyForDeploymentPostprocessing = 0;
		};
		2130E17D1864AD58006D3470 /* Frameworks */ = {
			isa = PBXFrameworksBuildPhase;
			buildActionMask = 2147483647;
			files = (
				2130E1821864AD58006D3470 /* XCTest.framework in Frameworks */,
				2130E1841864AD58006D3470 /* UIKit.framework in Frameworks */,
				2130E1831864AD58006D3470 /* Foundation.framework in Frameworks */,
			);
			runOnlyForDeploymentPostprocessing = 0;
		};
/* End PBXFrameworksBuildPhase section */

/* Begin PBXGroup section */
		2100A17B1864D21A00C994C2 /* View Controllers */ = {
			isa = PBXGroup;
			children = (
				2130E1AA1864AE1A006D3470 /* BTCValueViewController.h */,
				2130E1AB1864AE1A006D3470 /* BTCValueViewController.m */,
				2100A16B1864B5E000C994C2 /* BTCCurrencyPickerTableViewController.h */,
				2100A16C1864B5E000C994C2 /* BTCCurrencyPickerTableViewController.m */,
			);
			name = "View Controllers";
			sourceTree = "<group>";
		};
		2100A17C1864D22300C994C2 /* Application */ = {
			isa = PBXGroup;
			children = (
				2130E1981864AD8B006D3470 /* BTCAppDelegate.h */,
				2130E1991864AD8B006D3470 /* BTCAppDelegate.m */,
			);
			name = Application;
			sourceTree = "<group>";
		};
		2100A17E1864D27F00C994C2 /* Providers */ = {
			isa = PBXGroup;
			children = (
				2130E1AD1864AE40006D3470 /* BTCConversionProvider.h */,
				2130E1AE1864AE40006D3470 /* BTCConversionProvider.m */,
			);
			name = Providers;
			sourceTree = "<group>";
		};
		2100A1851864EE2A00C994C2 /* Views */ = {
			isa = PBXGroup;
			children = (
				2100A1711864B66D00C994C2 /* BTCTableViewCell.h */,
				2100A1721864B66D00C994C2 /* BTCTableViewCell.m */,
				2100A1861864EE4300C994C2 /* BTCTickingButton.h */,
				2100A1871864EE4300C994C2 /* BTCTickingButton.m */,
				2100A18F186519CB00C994C2 /* BTCTextField.h */,
				2100A190186519CB00C994C2 /* BTCTextField.m */,
				21951DB21908C40D00B8D5D1 /* BTCValueView.h */,
				21951DB31908C40D00B8D5D1 /* BTCValueView.m */,
			);
			name = Views;
			sourceTree = "<group>";
		};
		2100A1891864F5C600C994C2 /* Categories */ = {
			isa = PBXGroup;
			children = (
				2100A18A1864F5FE00C994C2 /* NSDate+Coins.h */,
				2100A18B1864F5FE00C994C2 /* NSDate+Coins.m */,
				219B3460187C7A0500F50D1F /* UIColor+Coins.h */,
				219B3461187C7A0500F50D1F /* UIColor+Coins.m */,
			);
			name = Categories;
			sourceTree = "<group>";
		};
		2130E15C1864AD57006D3470 = {
			isa = PBXGroup;
			children = (
				2130E1971864AD8B006D3470 /* Classes */,
				2130E19A1864AD8B006D3470 /* Other Sources */,
				2130E19D1864AD8B006D3470 /* Resources */,
				2130E1A41864AD96006D3470 /* Tests */,
				21F9D1971876952A00F36678 /* Vendor */,
				2130E1671864AD58006D3470 /* Frameworks */,
				2130E1661864AD58006D3470 /* Products */,
				B7B206D3CD97420994DFC1B1 /* Pods.xcconfig */,
			);
			sourceTree = "<group>";
		};
		2130E1661864AD58006D3470 /* Products */ = {
			isa = PBXGroup;
			children = (
				2130E1651864AD58006D3470 /* Coins.app */,
				2130E1801864AD58006D3470 /* CoinsTests.xctest */,
			);
			name = Products;
			sourceTree = "<group>";
		};
		2130E1671864AD58006D3470 /* Frameworks */ = {
			isa = PBXGroup;
			children = (
				2130E1681864AD58006D3470 /* Foundation.framework */,
				2130E16A1864AD58006D3470 /* CoreGraphics.framework */,
				2130E16C1864AD58006D3470 /* UIKit.framework */,
				2130E1811864AD58006D3470 /* XCTest.framework */,
				7C733206B69A4AA88CE1C3A3 /* libPods.a */,
			);
			name = Frameworks;
			sourceTree = "<group>";
		};
		2130E1971864AD8B006D3470 /* Classes */ = {
			isa = PBXGroup;
			children = (
				2100A1891864F5C600C994C2 /* Categories */,
				2100A17C1864D22300C994C2 /* Application */,
				2100A17B1864D21A00C994C2 /* View Controllers */,
				2100A1851864EE2A00C994C2 /* Views */,
				2100A17E1864D27F00C994C2 /* Providers */,
			);
			path = Classes;
			sourceTree = "<group>";
		};
		2130E19A1864AD8B006D3470 /* Other Sources */ = {
			isa = PBXGroup;
			children = (
				2130E19B1864AD8B006D3470 /* Coins-Prefix.pch */,
				2130E19C1864AD8B006D3470 /* main.m */,
				2100A1761864BBCE00C994C2 /* BTCDefines.h */,
				2100A1771864BBCE00C994C2 /* BTCDefines.m */,
			);
			path = "Other Sources";
			sourceTree = "<group>";
		};
		2130E19D1864AD8B006D3470 /* Resources */ = {
			isa = PBXGroup;
			children = (
				21F99A8518652DAF00C19618 /* Coins.entitlements */,
				2100A1741864B81300C994C2 /* currencies.json */,
				2130E19E1864AD8B006D3470 /* Coins-Info.plist */,
				2130E19F1864AD8B006D3470 /* Images.xcassets */,
				2100A16E1864B64500C994C2 /* Localizable.strings */,
				2100A18D1864F86D00C994C2 /* Settings.bundle */,
			);
			path = Resources;
			sourceTree = "<group>";
		};
		2130E1A41864AD96006D3470 /* Tests */ = {
			isa = PBXGroup;
			children = (
				2130E1A51864AD96006D3470 /* CoinsTests-Info.plist */,
				2130E1A61864AD96006D3470 /* CoinsTests.m */,
			);
			path = Tests;
			sourceTree = "<group>";
		};
		21F9D1971876952A00F36678 /* Vendor */ = {
			isa = PBXGroup;
			children = (
				21F9D1981876952A00F36678 /* Crashlytics.framework */,
				21F9D1991876952A00F36678 /* Localytics */,
			);
			path = Vendor;
			sourceTree = "<group>";
		};
		21F9D1991876952A00F36678 /* Localytics */ = {
			isa = PBXGroup;
			children = (
				21F9D19A1876952A00F36678 /* LocalyticsUtilities.h */,
				21F9D19B1876952A00F36678 /* LocalyticsUtilities.m */,
			);
			path = Localytics;
			sourceTree = "<group>";
		};
/* End PBXGroup section */

/* Begin PBXNativeTarget section */
		2130E1641864AD58006D3470 /* Coins */ = {
			isa = PBXNativeTarget;
			buildConfigurationList = 2130E1911864AD58006D3470 /* Build configuration list for PBXNativeTarget "Coins" */;
			buildPhases = (
				35E3728C36FE40B491367BE5 /* Check Pods Manifest.lock */,
				2130E1611864AD58006D3470 /* Sources */,
				2130E1621864AD58006D3470 /* Frameworks */,
				2130E1631864AD58006D3470 /* Resources */,
				1AD49CA55DB74066B7D523C0 /* Copy Pods Resources */,
				21F9D1941876941900F36678 /* Crashlytics */,
			);
			buildRules = (
			);
			dependencies = (
			);
			name = Coins;
			productName = Coins;
			productReference = 2130E1651864AD58006D3470 /* Coins.app */;
			productType = "com.apple.product-type.application";
		};
		2130E17F1864AD58006D3470 /* CoinsTests */ = {
			isa = PBXNativeTarget;
			buildConfigurationList = 2130E1941864AD58006D3470 /* Build configuration list for PBXNativeTarget "CoinsTests" */;
			buildPhases = (
				2130E17C1864AD58006D3470 /* Sources */,
				2130E17D1864AD58006D3470 /* Frameworks */,
				2130E17E1864AD58006D3470 /* Resources */,
			);
			buildRules = (
			);
			dependencies = (
				2130E1861864AD58006D3470 /* PBXTargetDependency */,
			);
			name = CoinsTests;
			productName = CoinsTests;
			productReference = 2130E1801864AD58006D3470 /* CoinsTests.xctest */;
			productType = "com.apple.product-type.bundle.unit-test";
		};
/* End PBXNativeTarget section */

/* Begin PBXProject section */
		2130E15D1864AD57006D3470 /* Project object */ = {
			isa = PBXProject;
			attributes = {
				CLASSPREFIX = BTC;
				LastUpgradeCheck = 0510;
				ORGANIZATIONNAME = "Nothing Magical, Inc.";
				TargetAttributes = {
					2130E1641864AD58006D3470 = {
						DevelopmentTeam = UP9C8XM22A;
					};
					2130E17F1864AD58006D3470 = {
						TestTargetID = 2130E1641864AD58006D3470;
					};
				};
			};
			buildConfigurationList = 2130E1601864AD57006D3470 /* Build configuration list for PBXProject "Coins" */;
			compatibilityVersion = "Xcode 3.2";
			developmentRegion = English;
			hasScannedForEncodings = 0;
			knownRegions = (
				en,
			);
			mainGroup = 2130E15C1864AD57006D3470;
			productRefGroup = 2130E1661864AD58006D3470 /* Products */;
			projectDirPath = "";
			projectRoot = "";
			targets = (
				2130E1641864AD58006D3470 /* Coins */,
				2130E17F1864AD58006D3470 /* CoinsTests */,
			);
		};
/* End PBXProject section */

/* Begin PBXResourcesBuildPhase section */
		2130E1631864AD58006D3470 /* Resources */ = {
			isa = PBXResourcesBuildPhase;
			buildActionMask = 2147483647;
			files = (
				2130E1A31864AD8B006D3470 /* Images.xcassets in Resources */,
				2100A1701864B64500C994C2 /* Localizable.strings in Resources */,
				21F99A8618652DAF00C19618 /* Coins.entitlements in Resources */,
				2100A18E1864F86D00C994C2 /* Settings.bundle in Resources */,
				2100A1751864B81300C994C2 /* currencies.json in Resources */,
			);
			runOnlyForDeploymentPostprocessing = 0;
		};
		2130E17E1864AD58006D3470 /* Resources */ = {
			isa = PBXResourcesBuildPhase;
			buildActionMask = 2147483647;
			files = (
			);
			runOnlyForDeploymentPostprocessing = 0;
		};
/* End PBXResourcesBuildPhase section */

/* Begin PBXShellScriptBuildPhase section */
		1AD49CA55DB74066B7D523C0 /* Copy Pods Resources */ = {
			isa = PBXShellScriptBuildPhase;
			buildActionMask = 2147483647;
			files = (
			);
			inputPaths = (
			);
			name = "Copy Pods Resources";
			outputPaths = (
			);
			runOnlyForDeploymentPostprocessing = 0;
			shellPath = /bin/sh;
			shellScript = "\"${SRCROOT}/Pods/Pods-resources.sh\"\n";
			showEnvVarsInLog = 0;
		};
		21F9D1941876941900F36678 /* Crashlytics */ = {
			isa = PBXShellScriptBuildPhase;
			buildActionMask = 2147483647;
			files = (
			);
			inputPaths = (
			);
			name = Crashlytics;
			outputPaths = (
			);
			runOnlyForDeploymentPostprocessing = 0;
			shellPath = "/usr/bin/env ruby";
			shellScript = "if ENV[\"CONFIGURATION\"] == \"Release\" || ENV[\"CONFIGURATION\"] == \"Beta\"\nsystem \"./Vendor/Crashlytics.framework/run d719996ce2f7809259d6b116a1e5b1cf5d0f316d\"\nend";
		};
		35E3728C36FE40B491367BE5 /* Check Pods Manifest.lock */ = {
			isa = PBXShellScriptBuildPhase;
			buildActionMask = 2147483647;
			files = (
			);
			inputPaths = (
			);
			name = "Check Pods Manifest.lock";
			outputPaths = (
			);
			runOnlyForDeploymentPostprocessing = 0;
			shellPath = /bin/sh;
			shellScript = "diff \"${PODS_ROOT}/../Podfile.lock\" \"${PODS_ROOT}/Manifest.lock\" > /dev/null\nif [[ $? != 0 ]] ; then\n    cat << EOM\nerror: The sandbox is not in sync with the Podfile.lock. Run 'pod install' or update your CocoaPods installation.\nEOM\n    exit 1\nfi\n";
			showEnvVarsInLog = 0;
		};
/* End PBXShellScriptBuildPhase section */

/* Begin PBXSourcesBuildPhase section */
		2130E1611864AD58006D3470 /* Sources */ = {
			isa = PBXSourcesBuildPhase;
			buildActionMask = 2147483647;
			files = (
				2130E1AF1864AE40006D3470 /* BTCConversionProvider.m in Sources */,
				21F9D19D1876952A00F36678 /* LocalyticsUtilities.m in Sources */,
				2100A1731864B66D00C994C2 /* BTCTableViewCell.m in Sources */,
				2130E1AC1864AE1A006D3470 /* BTCValueViewController.m in Sources */,
				2100A191186519CB00C994C2 /* BTCTextField.m in Sources */,
				2100A1881864EE4300C994C2 /* BTCTickingButton.m in Sources */,
				2100A1781864BBCE00C994C2 /* BTCDefines.m in Sources */,
				2100A16D1864B5E000C994C2 /* BTCCurrencyPickerTableViewController.m in Sources */,
				21951DB41908C40D00B8D5D1 /* BTCValueView.m in Sources */,
				2130E1A11864AD8B006D3470 /* main.m in Sources */,
				2100A18C1864F5FE00C994C2 /* NSDate+Coins.m in Sources */,
				219B3462187C7A0500F50D1F /* UIColor+Coins.m in Sources */,
				2130E1A01864AD8B006D3470 /* BTCAppDelegate.m in Sources */,
			);
			runOnlyForDeploymentPostprocessing = 0;
		};
		2130E17C1864AD58006D3470 /* Sources */ = {
			isa = PBXSourcesBuildPhase;
			buildActionMask = 2147483647;
			files = (
				2130E1A91864AD9E006D3470 /* CoinsTests.m in Sources */,
			);
			runOnlyForDeploymentPostprocessing = 0;
		};
/* End PBXSourcesBuildPhase section */

/* Begin PBXTargetDependency section */
		2130E1861864AD58006D3470 /* PBXTargetDependency */ = {
			isa = PBXTargetDependency;
			target = 2130E1641864AD58006D3470 /* Coins */;
			targetProxy = 2130E1851864AD58006D3470 /* PBXContainerItemProxy */;
		};
/* End PBXTargetDependency section */

/* Begin PBXVariantGroup section */
		2100A16E1864B64500C994C2 /* Localizable.strings */ = {
			isa = PBXVariantGroup;
			children = (
				2100A16F1864B64500C994C2 /* en */,
			);
			name = Localizable.strings;
			sourceTree = "<group>";
		};
/* End PBXVariantGroup section */

/* Begin XCBuildConfiguration section */
		2130E18F1864AD58006D3470 /* Debug */ = {
			isa = XCBuildConfiguration;
			buildSettings = {
				ALWAYS_SEARCH_USER_PATHS = NO;
				CLANG_CXX_LANGUAGE_STANDARD = "gnu++0x";
				CLANG_CXX_LIBRARY = "libc++";
				CLANG_ENABLE_MODULES = YES;
				CLANG_ENABLE_OBJC_ARC = YES;
				CLANG_WARN_BOOL_CONVERSION = YES;
				CLANG_WARN_CONSTANT_CONVERSION = YES;
				CLANG_WARN_DIRECT_OBJC_ISA_USAGE = YES_ERROR;
				CLANG_WARN_EMPTY_BODY = YES;
				CLANG_WARN_ENUM_CONVERSION = YES;
				CLANG_WARN_INT_CONVERSION = YES;
				CLANG_WARN_OBJC_ROOT_CLASS = YES_ERROR;
				CLANG_WARN__DUPLICATE_METHOD_MATCH = YES;
				"CODE_SIGN_IDENTITY[sdk=iphoneos*]" = "iPhone Developer";
				COPY_PHASE_STRIP = NO;
				GCC_C_LANGUAGE_STANDARD = gnu99;
				GCC_DYNAMIC_NO_PIC = NO;
				GCC_OPTIMIZATION_LEVEL = 0;
				GCC_PREPROCESSOR_DEFINITIONS = (
					"DEBUG=1",
					"$(inherited)",
				);
				GCC_SYMBOLS_PRIVATE_EXTERN = NO;
				GCC_WARN_64_TO_32_BIT_CONVERSION = YES;
				GCC_WARN_ABOUT_RETURN_TYPE = YES_ERROR;
				GCC_WARN_UNDECLARED_SELECTOR = YES;
				GCC_WARN_UNINITIALIZED_AUTOS = YES;
				GCC_WARN_UNUSED_FUNCTION = YES;
				GCC_WARN_UNUSED_VARIABLE = YES;
				IPHONEOS_DEPLOYMENT_TARGET = 7.0;
				ONLY_ACTIVE_ARCH = YES;
				SDKROOT = iphoneos;
				TARGETED_DEVICE_FAMILY = "1,2";
			};
			name = Debug;
		};
		2130E1901864AD58006D3470 /* Release */ = {
			isa = XCBuildConfiguration;
			buildSettings = {
				ALWAYS_SEARCH_USER_PATHS = NO;
				CLANG_CXX_LANGUAGE_STANDARD = "gnu++0x";
				CLANG_CXX_LIBRARY = "libc++";
				CLANG_ENABLE_MODULES = YES;
				CLANG_ENABLE_OBJC_ARC = YES;
				CLANG_WARN_BOOL_CONVERSION = YES;
				CLANG_WARN_CONSTANT_CONVERSION = YES;
				CLANG_WARN_DIRECT_OBJC_ISA_USAGE = YES_ERROR;
				CLANG_WARN_EMPTY_BODY = YES;
				CLANG_WARN_ENUM_CONVERSION = YES;
				CLANG_WARN_INT_CONVERSION = YES;
				CLANG_WARN_OBJC_ROOT_CLASS = YES_ERROR;
				CLANG_WARN__DUPLICATE_METHOD_MATCH = YES;
				"CODE_SIGN_IDENTITY[sdk=iphoneos*]" = "iPhone Developer";
				COPY_PHASE_STRIP = YES;
				ENABLE_NS_ASSERTIONS = NO;
				GCC_C_LANGUAGE_STANDARD = gnu99;
				GCC_WARN_64_TO_32_BIT_CONVERSION = YES;
				GCC_WARN_ABOUT_RETURN_TYPE = YES_ERROR;
				GCC_WARN_UNDECLARED_SELECTOR = YES;
				GCC_WARN_UNINITIALIZED_AUTOS = YES;
				GCC_WARN_UNUSED_FUNCTION = YES;
				GCC_WARN_UNUSED_VARIABLE = YES;
				IPHONEOS_DEPLOYMENT_TARGET = 7.0;
				SDKROOT = iphoneos;
				TARGETED_DEVICE_FAMILY = "1,2";
				VALIDATE_PRODUCT = YES;
			};
			name = Release;
		};
		2130E1921864AD58006D3470 /* Debug */ = {
			isa = XCBuildConfiguration;
			baseConfigurationReference = B7B206D3CD97420994DFC1B1 /* Pods.xcconfig */;
			buildSettings = {
				ASSETCATALOG_COMPILER_APPICON_NAME = AppIcon;
				ASSETCATALOG_COMPILER_LAUNCHIMAGE_NAME = LaunchImage;
				CODE_SIGN_IDENTITY = "iPhone Developer";
				FRAMEWORK_SEARCH_PATHS = (
					"$(inherited)",
					"$(PROJECT_DIR)",
					"$(PROJECT_DIR)/Vendor",
				);
				GCC_PRECOMPILE_PREFIX_HEADER = YES;
				GCC_PREFIX_HEADER = "Other Sources/Coins-Prefix.pch";
				INFOPLIST_FILE = "Resources/Coins-Info.plist";
				PRODUCT_NAME = "$(TARGET_NAME)";
				WRAPPER_EXTENSION = app;
			};
			name = Debug;
		};
		2130E1931864AD58006D3470 /* Release */ = {
			isa = XCBuildConfiguration;
			baseConfigurationReference = B7B206D3CD97420994DFC1B1 /* Pods.xcconfig */;
			buildSettings = {
				ASSETCATALOG_COMPILER_APPICON_NAME = AppIcon;
				ASSETCATALOG_COMPILER_LAUNCHIMAGE_NAME = LaunchImage;
				CODE_SIGN_ENTITLEMENTS = Resources/Coins.entitlements;
				CODE_SIGN_IDENTITY = "iPhone Distribution: Nothing Magical Inc. (UP9C8XM22A)";
				FRAMEWORK_SEARCH_PATHS = (
					"$(inherited)",
					"$(PROJECT_DIR)",
					"$(PROJECT_DIR)/Vendor",
				);
				GCC_PRECOMPILE_PREFIX_HEADER = YES;
				GCC_PREFIX_HEADER = "Other Sources/Coins-Prefix.pch";
				INFOPLIST_FILE = "Resources/Coins-Info.plist";
				PRODUCT_NAME = "$(TARGET_NAME)";
				PROVISIONING_PROFILE = "F7009391-7E5C-4F4A-BC20-06651EAF4F39";
				WRAPPER_EXTENSION = app;
			};
			name = Release;
		};
		2130E1951864AD58006D3470 /* Debug */ = {
			isa = XCBuildConfiguration;
			buildSettings = {
				BUNDLE_LOADER = "$(BUILT_PRODUCTS_DIR)/Coins.app/Coins";
				FRAMEWORK_SEARCH_PATHS = (
					"$(SDKROOT)/Developer/Library/Frameworks",
					"$(inherited)",
					"$(DEVELOPER_FRAMEWORKS_DIR)",
				);
				GCC_PRECOMPILE_PREFIX_HEADER = YES;
				GCC_PREFIX_HEADER = "Other Sources/Coins-Prefix.pch";
				GCC_PREPROCESSOR_DEFINITIONS = (
					"DEBUG=1",
					"$(inherited)",
				);
				INFOPLIST_FILE = "Tests/CoinsTests-Info.plist";
				PRODUCT_NAME = "$(TARGET_NAME)";
				TEST_HOST = "$(BUNDLE_LOADER)";
				WRAPPER_EXTENSION = xctest;
			};
			name = Debug;
		};
		2130E1961864AD58006D3470 /* Release */ = {
			isa = XCBuildConfiguration;
			buildSettings = {
				BUNDLE_LOADER = "$(BUILT_PRODUCTS_DIR)/Coins.app/Coins";
				FRAMEWORK_SEARCH_PATHS = (
					"$(SDKROOT)/Developer/Library/Frameworks",
					"$(inherited)",
					"$(DEVELOPER_FRAMEWORKS_DIR)",
				);
				GCC_PRECOMPILE_PREFIX_HEADER = YES;
				GCC_PREFIX_HEADER = "Other Sources/Coins-Prefix.pch";
				INFOPLIST_FILE = "Tests/CoinsTests-Info.plist";
				PRODUCT_NAME = "$(TARGET_NAME)";
				TEST_HOST = "$(BUNDLE_LOADER)";
				WRAPPER_EXTENSION = xctest;
			};
			name = Release;
		};
/* End XCBuildConfiguration section */

/* Begin XCConfigurationList section */
		2130E1601864AD57006D3470 /* Build configuration list for PBXProject "Coins" */ = {
			isa = XCConfigurationList;
			buildConfigurations = (
				2130E18F1864AD58006D3470 /* Debug */,
				2130E1901864AD58006D3470 /* Release */,
			);
			defaultConfigurationIsVisible = 0;
			defaultConfigurationName = Release;
		};
		2130E1911864AD58006D3470 /* Build configuration list for PBXNativeTarget "Coins" */ = {
			isa = XCConfigurationList;
			buildConfigurations = (
				2130E1921864AD58006D3470 /* Debug */,
				2130E1931864AD58006D3470 /* Release */,
			);
			defaultConfigurationIsVisible = 0;
			defaultConfigurationName = Release;
		};
		2130E1941864AD58006D3470 /* Build configuration list for PBXNativeTarget "CoinsTests" */ = {
			isa = XCConfigurationList;
			buildConfigurations = (
				2130E1951864AD58006D3470 /* Debug */,
				2130E1961864AD58006D3470 /* Release */,
			);
			defaultConfigurationIsVisible = 0;
			defaultConfigurationName = Release;
		};
/* End XCConfigurationList section */
	};
	rootObject = 2130E15D1864AD57006D3470 /* Project object */;
}
